// !$*UTF8*$!
{
	archiveVersion = 1;
	classes = {
	};
	objectVersion = 46;
	objects = {
/* Begin PBXBuildFile section */
		0207DA581B56EA530066E2B4 /* Images.xcassets in Resources */ = {isa = PBXBuildFile; fileRef = 0207DA571B56EA530066E2B4 /* Images.xcassets */; };
		1D3623260D0F684500981E51 /* AppDelegate.m in Sources */ = {isa = PBXBuildFile; fileRef = 1D3623250D0F684500981E51 /* AppDelegate.m */; };
		1D60589B0D05DD56006BFB54 /* main.m in Sources */ = {isa = PBXBuildFile; fileRef = 29B97316FDCFA39411CA2CEA /* main.m */; };
		1E124A9716394242B279A2C4 /* Pockeyt.entitlements in Resources */ = {isa = PBXBuildFile; fileRef = 2275226FEC254A2BBECC038E /* Pockeyt.entitlements */; };
		20EE5C45FD8642C99CFAFC31 /* AudioToolbox.framework in Frameworks */ = {isa = PBXBuildFile; fileRef = 1CBBBF4EAE054095939053CF /* AudioToolbox.framework */; settings = {ATTRIBUTES = (Weak, ); }; };
		274353CB124343508898D360 /* CoreData.framework in Frameworks */ = {isa = PBXBuildFile; fileRef = 0C29235074DA443B88913CB4 /* CoreData.framework */; };
		2B5D6E023C1F4EFBB113E5A3 /* Storekit.framework in Frameworks */ = {isa = PBXBuildFile; fileRef = 1D92795BC3764C1F89D2CF72 /* Storekit.framework */; };
		301BF552109A68D80062928A /* libCordova.a in Frameworks */ = {isa = PBXBuildFile; fileRef = 301BF535109A57CC0062928A /* libCordova.a */; };
		302D95F114D2391D003F00A1 /* MainViewController.m in Sources */ = {isa = PBXBuildFile; fileRef = 302D95EF14D2391D003F00A1 /* MainViewController.m */; };
		302D95F214D2391D003F00A1 /* MainViewController.xib in Resources */ = {isa = PBXBuildFile; fileRef = 302D95F014D2391D003F00A1 /* MainViewController.xib */; };
		404917D33A704F88A0DE6662 /* SystemConfiguration.framework in Frameworks */ = {isa = PBXBuildFile; fileRef = 636E135FD3824D0CA2B8425C /* SystemConfiguration.framework */; };
		4368B8D248FF42BBA76B4B85 /* MessageUI.framework in Frameworks */ = {isa = PBXBuildFile; fileRef = 3D5DD61C2C8A4110B86EA320 /* MessageUI.framework */; settings = {ATTRIBUTES = (Weak, ); }; };
		4BAA63F45F4049E49FF4772B /* Security.framework in Frameworks */ = {isa = PBXBuildFile; fileRef = D1E62FF193744EE3B628A9AC /* Security.framework */; };
		5AA35E110B624188B412F647 /* libstdc++.dylib in Frameworks */ = {isa = PBXBuildFile; fileRef = E013F37ECEDD4DF5A55B2681 /* libstdc++.dylib */; };
		73D1B167B6794E348F30A6B3 /* QuartzCore.framework in Frameworks */ = {isa = PBXBuildFile; fileRef = C10A54AA686F4A6D8FFE805D /* QuartzCore.framework */; };
		7B8D5EA00D1047F69FBB877D /* libsqlite3.dylib in Frameworks */ = {isa = PBXBuildFile; fileRef = A660CD1637E54BBEB985AC1B /* libsqlite3.dylib */; };
		A15D8286F18E4C04A3DFCE9D /* AVFoundation.framework in Frameworks */ = {isa = PBXBuildFile; fileRef = FA466BAAD06847CF9906F4CA /* AVFoundation.framework */; };
		B3F5274584BD45A69B1AC1DE /* Social.framework in Frameworks */ = {isa = PBXBuildFile; fileRef = 6B916CA7413E49E99ABAB56A /* Social.framework */; settings = {ATTRIBUTES = (Weak, ); }; };
		B8539D178A364A15AD3A11D3 /* CoreLocation.framework in Frameworks */ = {isa = PBXBuildFile; fileRef = 0E127B51CFB544668F58BDF6 /* CoreLocation.framework */; };
		CDDA388F922D44FCBC2FB689 /* libz.dylib in Frameworks */ = {isa = PBXBuildFile; fileRef = 7F7FD6730CA64F5C9A9E1149 /* libz.dylib */; };
		F0919380A22D4051AD82A18F /* ImageIO.framework in Frameworks */ = {isa = PBXBuildFile; fileRef = AF5F5A13C9294F84BDAD9B0B /* ImageIO.framework */; settings = {ATTRIBUTES = (Weak, ); }; };
		E40702EE5AC8451D8CD71D34 /* UIImage+CropScaleOrientation.m in Sources */ = {isa = PBXBuildFile; fileRef = A32DAF43904D4C149A86C716 /* UIImage+CropScaleOrientation.m */; };
		09E380C8BF774D6FAB6A8386 /* CDVCamera.m in Sources */ = {isa = PBXBuildFile; fileRef = 5FC2E9A7063544BDA6C8B4AE /* CDVCamera.m */; };
		2CBDEE859A8143F5A94E9F9C /* CDVJpegHeaderWriter.m in Sources */ = {isa = PBXBuildFile; fileRef = EF3B612857274D3C947A9EDF /* CDVJpegHeaderWriter.m */; };
		7480707C377245E890F6B8F8 /* CDVDevice.m in Sources */ = {isa = PBXBuildFile; fileRef = FD470223244C4E05AD18F605 /* CDVDevice.m */; };
		1B266F8820CC48B8BA234D38 /* CDVNotification.m in Sources */ = {isa = PBXBuildFile; fileRef = 12CAB2A1F3534E85BF4669A8 /* CDVNotification.m */; };
		4DC8C13492C141C782956422 /* CDVNotification.bundle in Resources */ = {isa = PBXBuildFile; fileRef = FBE2BB968A704A2DB2B6C896 /* CDVNotification.bundle */; };
		829ECA322D1140DDB02CC64F /* FacebookConnectPlugin.m in Sources */ = {isa = PBXBuildFile; fileRef = 3ECD9B72C8ED4085B636402B /* FacebookConnectPlugin.m */; };
		9BBE3204F6F7457EA396458C /* Bolts.framework in Frameworks */ = {isa = PBXBuildFile; fileRef = 286D48D1331F4C55B0751390 /* Bolts.framework */; };
		E80F1AC3079B4CF59F96B949 /* FBSDKCoreKit.framework in Frameworks */ = {isa = PBXBuildFile; fileRef = 173C34E0301F41A5B04605ED /* FBSDKCoreKit.framework */; };
		B1E4479A4C21471FBE6238BC /* FBSDKLoginKit.framework in Frameworks */ = {isa = PBXBuildFile; fileRef = 5DC1C981B6D148BA81048328 /* FBSDKLoginKit.framework */; };
		CE9F7ABA09F045F0B433ED23 /* FBSDKShareKit.framework in Frameworks */ = {isa = PBXBuildFile; fileRef = C8C3A50834294C4C9225655F /* FBSDKShareKit.framework */; };
		DAC8FC4372BB48CB8744CB59 /* CDVFileTransfer.m in Sources */ = {isa = PBXBuildFile; fileRef = A35C91B4A00C43C783A6A2BE /* CDVFileTransfer.m */; };
		22E695DC2F7E4E96886F128A /* CDVLocation.m in Sources */ = {isa = PBXBuildFile; fileRef = 35DA5A6847434F27AE5445F7 /* CDVLocation.m */; };
		1CE0B89682BE4E83A323284B /* UniversalAnalyticsPlugin.m in Sources */ = {isa = PBXBuildFile; fileRef = 5410B22293D240F89C24703F /* UniversalAnalyticsPlugin.m */; };
		E4F2E8BAF29E4F5B9E20D5DE /* libGoogleAnalyticsServices.a in Frameworks */ = {isa = PBXBuildFile; fileRef = 560B15B3076E455D95E4B57A /* libGoogleAnalyticsServices.a */; };
		90D0D31C43D64A1DB78D63DA /* CDVInAppBrowser.m in Sources */ = {isa = PBXBuildFile; fileRef = FA832E24AB1C4847B9F12707 /* CDVInAppBrowser.m */; };
		1E0F5CB0F2324947B2D91A98 /* SpinnerPlugin.m in Sources */ = {isa = PBXBuildFile; fileRef = F5C80A1C2BBB4C6FA385EF41 /* SpinnerPlugin.m */; };
		F9DE8F191E7B4B1381C451EB /* MBProgressHUD.m in Sources */ = {isa = PBXBuildFile; fileRef = 2DF4748F039F482AA86D50E8 /* MBProgressHUD.m */; };
		AA29D1DA938B484FAA42B935 /* CDVSplashScreen.m in Sources */ = {isa = PBXBuildFile; fileRef = 5B69A9DE56704D7F91A23437 /* CDVSplashScreen.m */; };
		901ABF69A8474ED981258383 /* CDVViewController+SplashScreen.m in Sources */ = {isa = PBXBuildFile; fileRef = 35F75D12E9794515B7E122E2 /* CDVViewController+SplashScreen.m */; };
		26D86143C79E449F95612575 /* SQLitePlugin.m in Sources */ = {isa = PBXBuildFile; fileRef = A029215D9FC64D6D98D082E8 /* SQLitePlugin.m */; };
		8EB3B953649D40E2A45CBFD0 /* NSString+URLEncoding.m in Sources */ = {isa = PBXBuildFile; fileRef = 40B2CF7AC27C463B9ED0AB2F /* NSString+URLEncoding.m */; };
		D9BDA1963CF140B1BBE45371 /* SocialSharing.m in Sources */ = {isa = PBXBuildFile; fileRef = 3E0BEB5B0411462792F1E131 /* SocialSharing.m */; };
		B14E73D5BF18429497E8453D /* Toast+UIView.m in Sources */ = {isa = PBXBuildFile; fileRef = 382C031EFA8A404A96037F8A /* Toast+UIView.m */; };
		5B83FE7AFADF4A498CB09BB1 /* Toast.m in Sources */ = {isa = PBXBuildFile; fileRef = 853F2D6AD19E4364B7F31475 /* Toast.m */; };
		29FADCB08719484F958F1FB2 /* CULPlugin.m in Sources */ = {isa = PBXBuildFile; fileRef = 8E83B954E8FF481D904253CA /* CULPlugin.m */; };
		7493640EF2734A7B9EE49972 /* AppDelegate+CULPlugin.m in Sources */ = {isa = PBXBuildFile; fileRef = C56A45E8BCEF4217AFCF095E /* AppDelegate+CULPlugin.m */; };
		EAEE6800EC634FEBA95938B8 /* CDVPluginResult+CULPlugin.m in Sources */ = {isa = PBXBuildFile; fileRef = C594D3DA54D14E2989CD1C84 /* CDVPluginResult+CULPlugin.m */; };
		63440F8565A243C2B7BAC0A1 /* CDVInvokedUrlCommand+CULPlugin.m in Sources */ = {isa = PBXBuildFile; fileRef = 5C55265255234222A5248526 /* CDVInvokedUrlCommand+CULPlugin.m */; };
		A7DF8D5C3019439D9BA8EAB1 /* CULHost.m in Sources */ = {isa = PBXBuildFile; fileRef = 487F83F5357F47788DAA9642 /* CULHost.m */; };
		E91DEA8F3EB64D7A9D5E16F1 /* CULHost.h in Resources */ = {isa = PBXBuildFile; fileRef = 9894E2273C2F4646A2A0D644 /* CULHost.h */; };
		496F05C3862B4EB6A4E76CD8 /* CULPath.m in Sources */ = {isa = PBXBuildFile; fileRef = 1C2F684C1A574A47A194D32E /* CULPath.m */; };
		F8CF0604B16D44E99D81D656 /* CULPath.h in Resources */ = {isa = PBXBuildFile; fileRef = 6A1661754B8741FE8A106883 /* CULPath.h */; };
		834D8755D8F0401F928B7009 /* CULXmlTags.m in Sources */ = {isa = PBXBuildFile; fileRef = 7BE17CBFEE9B46AFB5E11101 /* CULXmlTags.m */; };
		46CD34E1942F43B4B122351A /* CULXmlTags.h in Resources */ = {isa = PBXBuildFile; fileRef = 974CA8ECC474413EA07F650C /* CULXmlTags.h */; };
		CC4BA616F4E34C559A248453 /* CULConfigXmlParser.m in Sources */ = {isa = PBXBuildFile; fileRef = CFE03A5D30954BFC81D28888 /* CULConfigXmlParser.m */; };
		3D392E4B17734A06821AB83F /* CULConfigXmlParser.h in Resources */ = {isa = PBXBuildFile; fileRef = 2A31A6323D0C4384B8C2F587 /* CULConfigXmlParser.h */; };
		44817001F0F545C08470005C /* NSBundle+CULPlugin.m in Sources */ = {isa = PBXBuildFile; fileRef = 1133A41056004C62AE8D2B3E /* NSBundle+CULPlugin.m */; };
		C1E246DEF37D44938A0B25C2 /* NSBundle+CULPlugin.h in Resources */ = {isa = PBXBuildFile; fileRef = 33D5CDA84EDB4CF3B1D973FB /* NSBundle+CULPlugin.h */; };
		66E668CF8C1243A78736D585 /* BranchSDK.m in Sources */ = {isa = PBXBuildFile; fileRef = D7A3CBA98F50468EB5FEC5EA /* BranchSDK.m */; };
		659B2E1A25B645A0B04CBFD9 /* AppDelegate+BranchSdk.m in Sources */ = {isa = PBXBuildFile; fileRef = 4059AC028ED8498C94860B5B /* AppDelegate+BranchSdk.m */; };
		74BA085B575C481898269D4F /* Branch.framework in Frameworks */ = {isa = PBXBuildFile; fileRef = F904AA77CB8442D188416973 /* Branch.framework */; };
		573C9523BBD3432E8CC8CA81 /* IonicKeyboard.m in Sources */ = {isa = PBXBuildFile; fileRef = CD1D1B5AA20E417A8B260858 /* IonicKeyboard.m */; };
		9B20BA8C97FE41DE8557B619 /* PushNotification.m in Sources */ = {isa = PBXBuildFile; fileRef = D80FA413F4B344218DA23176 /* PushNotification.m */; };
		DB87E9B1E48F48418E40A895 /* Pushwoosh in Resources */ = {isa = PBXBuildFile; fileRef = 1BAA09ACFB564580A40720DF /* Pushwoosh */; };
		B6FA1B2811B946CABCD89254 /* CDVFile.m in Sources */ = {isa = PBXBuildFile; fileRef = 91007177D9B944D79C6EE84D /* CDVFile.m */; };
		F2666D4122744CFDADD49F0B /* CDVLocalFilesystem.m in Sources */ = {isa = PBXBuildFile; fileRef = 16D3D82072694FC9827363DC /* CDVLocalFilesystem.m */; };
		9E10D76E42154701953A1C13 /* CDVAssetLibraryFilesystem.m in Sources */ = {isa = PBXBuildFile; fileRef = 01CABEF877444B18A7D4D7F9 /* CDVAssetLibraryFilesystem.m */; };
		6642EE997DED4615AD88447F /* BraintreePlugin.m in Sources */ = {isa = PBXBuildFile; fileRef = FE8F944ACF224C73A4C6901A /* BraintreePlugin.m */; };
		6A22D6A952FB483E85CC956A /* BraintreeVenmo.framework in Frameworks */ = {isa = PBXBuildFile; fileRef = F0B51ADFED15465FB33AB235 /* BraintreeVenmo.framework */; };
		FCEDBAC703E247539769030C /* BraintreeVenmo.framework in Embed Frameworks */ = {isa = PBXBuildFile; fileRef = F0B51ADFED15465FB33AB235 /* BraintreeVenmo.framework */; settings = {ATTRIBUTES = (CodeSignOnCopy, ); }; };
		9A04F78CAA1C4F089574DE70 /* BraintreeUI.framework in Frameworks */ = {isa = PBXBuildFile; fileRef = B4335A515F644CC2BA9BAAAF /* BraintreeUI.framework */; };
		A7523F103ADE431C81489B1E /* BraintreeUI.framework in Embed Frameworks */ = {isa = PBXBuildFile; fileRef = B4335A515F644CC2BA9BAAAF /* BraintreeUI.framework */; settings = {ATTRIBUTES = (CodeSignOnCopy, ); }; };
		96DC909BEB13422DB96F79D1 /* BraintreePayPal.framework in Frameworks */ = {isa = PBXBuildFile; fileRef = C4CCE3B64D0E422C9BF9EE8B /* BraintreePayPal.framework */; };
		F37113EA18234227A6FC4EE7 /* BraintreePayPal.framework in Embed Frameworks */ = {isa = PBXBuildFile; fileRef = C4CCE3B64D0E422C9BF9EE8B /* BraintreePayPal.framework */; settings = {ATTRIBUTES = (CodeSignOnCopy, ); }; };
		FA19CE6E5C73463488B6E945 /* BraintreeDataCollector.framework in Frameworks */ = {isa = PBXBuildFile; fileRef = A7D6227DFF0E4A44901F5C93 /* BraintreeDataCollector.framework */; };
		3EABEB16586D46CCB78C163D /* BraintreeDataCollector.framework in Embed Frameworks */ = {isa = PBXBuildFile; fileRef = A7D6227DFF0E4A44901F5C93 /* BraintreeDataCollector.framework */; settings = {ATTRIBUTES = (CodeSignOnCopy, ); }; };
		DAF44774F500490B8AC12972 /* BraintreeCore.framework in Frameworks */ = {isa = PBXBuildFile; fileRef = 4CE00A92A507459E84568F83 /* BraintreeCore.framework */; };
		27B179EBDB814DC09EF5A0E4 /* BraintreeCore.framework in Embed Frameworks */ = {isa = PBXBuildFile; fileRef = 4CE00A92A507459E84568F83 /* BraintreeCore.framework */; settings = {ATTRIBUTES = (CodeSignOnCopy, ); }; };
		31B294B8B28648AEB998F883 /* BraintreeCard.framework in Frameworks */ = {isa = PBXBuildFile; fileRef = 9B41371116B9411686E0D82D /* BraintreeCard.framework */; };
		80ED7268BCC14411AD186E67 /* BraintreeCard.framework in Embed Frameworks */ = {isa = PBXBuildFile; fileRef = 9B41371116B9411686E0D82D /* BraintreeCard.framework */; settings = {ATTRIBUTES = (CodeSignOnCopy, ); }; };
		126DBFD3A81D4C6A9CC4B930 /* BraintreeApplePay.framework in Frameworks */ = {isa = PBXBuildFile; fileRef = E13B4AF4F4AF4D7FB054F2C8 /* BraintreeApplePay.framework */; };
		023CA5D4E8414471AEF1A31E /* BraintreeApplePay.framework in Embed Frameworks */ = {isa = PBXBuildFile; fileRef = E13B4AF4F4AF4D7FB054F2C8 /* BraintreeApplePay.framework */; settings = {ATTRIBUTES = (CodeSignOnCopy, ); }; };
		3D98B1A5F6D14391A7813A5B /* Braintree3DSecure.framework in Frameworks */ = {isa = PBXBuildFile; fileRef = FBA07A4D58814697ABD9806D /* Braintree3DSecure.framework */; };
		BE8F259DE0CD400C93C0A525 /* Braintree3DSecure.framework in Embed Frameworks */ = {isa = PBXBuildFile; fileRef = FBA07A4D58814697ABD9806D /* Braintree3DSecure.framework */; settings = {ATTRIBUTES = (CodeSignOnCopy, ); }; };
/* End PBXBuildFile section */

/* Begin PBXContainerItemProxy section */
		301BF534109A57CC0062928A /* PBXContainerItemProxy */ = {
			isa = PBXContainerItemProxy;
			containerPortal = 301BF52D109A57CC0062928A /* CordovaLib.xcodeproj */;
			proxyType = 2;
			remoteGlobalIDString = D2AAC07E0554694100DB518D;
			remoteInfo = CordovaLib;
		};
		301BF550109A68C00062928A /* PBXContainerItemProxy */ = {
			isa = PBXContainerItemProxy;
			containerPortal = 301BF52D109A57CC0062928A /* CordovaLib.xcodeproj */;
			proxyType = 1;
			remoteGlobalIDString = D2AAC07D0554694100DB518D;
			remoteInfo = CordovaLib;
		};
/* End PBXContainerItemProxy section */

/* Begin PBXFileReference section */
		0207DA571B56EA530066E2B4 /* Images.xcassets */ = {isa = PBXFileReference; lastKnownFileType = folder.assetcatalog; name = Images.xcassets; path = Pockeyt/Images.xcassets; sourceTree = SOURCE_ROOT; };
		0C29235074DA443B88913CB4 /* CoreData.framework */ = {isa = PBXFileReference; explicitFileType = undefined; fileEncoding = 9; includeInIndex = 0; lastKnownFileType = wrapper.framework; name = CoreData.framework; path = System/Library/Frameworks/CoreData.framework; sourceTree = SDKROOT; };
		0E127B51CFB544668F58BDF6 /* CoreLocation.framework */ = {isa = PBXFileReference; explicitFileType = undefined; fileEncoding = 9; includeInIndex = 0; lastKnownFileType = wrapper.framework; name = CoreLocation.framework; path = System/Library/Frameworks/CoreLocation.framework; sourceTree = SDKROOT; };
		1CBBBF4EAE054095939053CF /* AudioToolbox.framework */ = {isa = PBXFileReference; explicitFileType = undefined; fileEncoding = 9; includeInIndex = 0; lastKnownFileType = wrapper.framework; name = AudioToolbox.framework; path = System/Library/Frameworks/AudioToolbox.framework; sourceTree = SDKROOT; };
		1D3623240D0F684500981E51 /* AppDelegate.h */ = {isa = PBXFileReference; fileEncoding = 4; lastKnownFileType = sourcecode.c.h; path = AppDelegate.h; sourceTree = "<group>"; };
		1D3623250D0F684500981E51 /* AppDelegate.m */ = {isa = PBXFileReference; fileEncoding = 4; lastKnownFileType = sourcecode.c.objc; path = AppDelegate.m; sourceTree = "<group>"; };
		1D6058910D05DD3D006BFB54 /* Pockeyt.app */ = {isa = PBXFileReference; explicitFileType = wrapper.application; includeInIndex = 0; path = Pockeyt.app; sourceTree = BUILT_PRODUCTS_DIR; };
		1D92795BC3764C1F89D2CF72 /* Storekit.framework */ = {isa = PBXFileReference; explicitFileType = undefined; fileEncoding = 9; includeInIndex = 0; lastKnownFileType = wrapper.framework; name = Storekit.framework; path = System/Library/Frameworks/Storekit.framework; sourceTree = SDKROOT; };
		2275226FEC254A2BBECC038E /* Pockeyt.entitlements */ = {isa = PBXFileReference; explicitFileType = undefined; fileEncoding = 9; includeInIndex = 0; lastKnownFileType = unknown; path = Pockeyt.entitlements; sourceTree = "<group>"; };
		29B97316FDCFA39411CA2CEA /* main.m */ = {isa = PBXFileReference; fileEncoding = 4; lastKnownFileType = sourcecode.c.objc; path = main.m; sourceTree = "<group>"; };
		301BF52D109A57CC0062928A /* CordovaLib.xcodeproj */ = {isa = PBXFileReference; lastKnownFileType = "wrapper.pb-project"; name = CordovaLib.xcodeproj; path = CordovaLib/CordovaLib.xcodeproj; sourceTree = "<group>"; };
		301BF56E109A69640062928A /* www */ = {isa = PBXFileReference; lastKnownFileType = folder; path = www; sourceTree = SOURCE_ROOT; };
		302D95EE14D2391D003F00A1 /* MainViewController.h */ = {isa = PBXFileReference; fileEncoding = 4; lastKnownFileType = sourcecode.c.h; path = MainViewController.h; sourceTree = "<group>"; };
		302D95EF14D2391D003F00A1 /* MainViewController.m */ = {isa = PBXFileReference; fileEncoding = 4; lastKnownFileType = sourcecode.c.objc; path = MainViewController.m; sourceTree = "<group>"; };
		302D95F014D2391D003F00A1 /* MainViewController.xib */ = {isa = PBXFileReference; fileEncoding = 4; lastKnownFileType = file.xib; path = MainViewController.xib; sourceTree = "<group>"; };
		3047A50F1AB8059700498E2A /* build-debug.xcconfig */ = {isa = PBXFileReference; fileEncoding = 4; lastKnownFileType = text.xcconfig; name = "build-debug.xcconfig"; path = "cordova/build-debug.xcconfig"; sourceTree = SOURCE_ROOT; };
		3047A5101AB8059700498E2A /* build-release.xcconfig */ = {isa = PBXFileReference; fileEncoding = 4; lastKnownFileType = text.xcconfig; name = "build-release.xcconfig"; path = "cordova/build-release.xcconfig"; sourceTree = SOURCE_ROOT; };
		3047A5111AB8059700498E2A /* build.xcconfig */ = {isa = PBXFileReference; fileEncoding = 4; lastKnownFileType = text.xcconfig; name = build.xcconfig; path = cordova/build.xcconfig; sourceTree = SOURCE_ROOT; };
		32CA4F630368D1EE00C91783 /* Pockeyt-Prefix.pch */ = {isa = PBXFileReference; fileEncoding = 4; lastKnownFileType = sourcecode.c.h; path = "Pockeyt-Prefix.pch"; sourceTree = "<group>"; };
		3D5DD61C2C8A4110B86EA320 /* MessageUI.framework */ = {isa = PBXFileReference; explicitFileType = undefined; fileEncoding = 9; includeInIndex = 0; lastKnownFileType = wrapper.framework; name = MessageUI.framework; path = System/Library/Frameworks/MessageUI.framework; sourceTree = SDKROOT; };
		636E135FD3824D0CA2B8425C /* SystemConfiguration.framework */ = {isa = PBXFileReference; explicitFileType = undefined; fileEncoding = 9; includeInIndex = 0; lastKnownFileType = wrapper.framework; name = SystemConfiguration.framework; path = System/Library/Frameworks/SystemConfiguration.framework; sourceTree = SDKROOT; };
		6B916CA7413E49E99ABAB56A /* Social.framework */ = {isa = PBXFileReference; explicitFileType = undefined; fileEncoding = 9; includeInIndex = 0; lastKnownFileType = wrapper.framework; name = Social.framework; path = System/Library/Frameworks/Social.framework; sourceTree = SDKROOT; };
		7F7FD6730CA64F5C9A9E1149 /* libz.dylib */ = {isa = PBXFileReference; explicitFileType = undefined; fileEncoding = 9; includeInIndex = 0; lastKnownFileType = "compiled.mach-o.dylib"; name = libz.dylib; path = usr/lib/libz.dylib; sourceTree = SDKROOT; };
		8D1107310486CEB800E47090 /* Pockeyt-Info.plist */ = {isa = PBXFileReference; fileEncoding = 4; lastKnownFileType = text.plist.xml; name = "Pockeyt-Info.plist"; path = "Pockeyt/Pockeyt-Info.plist"; plistStructureDefinitionIdentifier = "com.apple.xcode.plist.structure-definition.iphone.info-plist"; sourceTree = SOURCE_ROOT; };
		A660CD1637E54BBEB985AC1B /* libsqlite3.dylib */ = {isa = PBXFileReference; explicitFileType = undefined; fileEncoding = 9; includeInIndex = 0; lastKnownFileType = "compiled.mach-o.dylib"; name = libsqlite3.dylib; path = usr/lib/libsqlite3.dylib; sourceTree = SDKROOT; };
		AF5F5A13C9294F84BDAD9B0B /* ImageIO.framework */ = {isa = PBXFileReference; explicitFileType = undefined; fileEncoding = 9; includeInIndex = 0; lastKnownFileType = wrapper.framework; name = ImageIO.framework; path = System/Library/Frameworks/ImageIO.framework; sourceTree = SDKROOT; };
		C10A54AA686F4A6D8FFE805D /* QuartzCore.framework */ = {isa = PBXFileReference; explicitFileType = undefined; fileEncoding = 9; includeInIndex = 0; lastKnownFileType = wrapper.framework; name = QuartzCore.framework; path = System/Library/Frameworks/QuartzCore.framework; sourceTree = SDKROOT; };
		D1E62FF193744EE3B628A9AC /* Security.framework */ = {isa = PBXFileReference; explicitFileType = undefined; fileEncoding = 9; includeInIndex = 0; lastKnownFileType = wrapper.framework; name = Security.framework; path = System/Library/Frameworks/Security.framework; sourceTree = SDKROOT; };
		E013F37ECEDD4DF5A55B2681 /* libstdc++.dylib */ = {isa = PBXFileReference; explicitFileType = undefined; fileEncoding = 9; includeInIndex = 0; lastKnownFileType = "compiled.mach-o.dylib"; name = "libstdc++.dylib"; path = "usr/lib/libstdc++.dylib"; sourceTree = SDKROOT; };
		EB87FDF31871DA8E0020F90C /* www */ = {isa = PBXFileReference; lastKnownFileType = folder; name = www; path = ../../www; sourceTree = "<group>"; };
		EB87FDF41871DAF40020F90C /* config.xml */ = {isa = PBXFileReference; lastKnownFileType = text.xml; name = config.xml; path = ../../config.xml; sourceTree = "<group>"; };
		ED33DF2A687741AEAF9F8254 /* Bridging-Header.h */ = {isa = PBXFileReference; fileEncoding = 4; lastKnownFileType = sourcecode.c.h; path = "Bridging-Header.h"; sourceTree = "<group>"; };
		F840E1F0165FE0F500CFE078 /* config.xml */ = {isa = PBXFileReference; lastKnownFileType = text.xml; name = config.xml; path = Pockeyt/config.xml; sourceTree = "<group>"; };
		FA466BAAD06847CF9906F4CA /* AVFoundation.framework */ = {isa = PBXFileReference; explicitFileType = undefined; fileEncoding = 9; includeInIndex = 0; lastKnownFileType = wrapper.framework; name = AVFoundation.framework; path = System/Library/Frameworks/AVFoundation.framework; sourceTree = SDKROOT; };
		A32DAF43904D4C149A86C716 /* UIImage+CropScaleOrientation.m */ = {isa = PBXFileReference; name = "UIImage+CropScaleOrientation.m"; path = "cordova-plugin-camera/UIImage+CropScaleOrientation.m"; sourceTree = "<group>"; fileEncoding = 4; lastKnownFileType = sourcecode.c.objc; explicitFileType = undefined; includeInIndex = 0; };
		5FC2E9A7063544BDA6C8B4AE /* CDVCamera.m */ = {isa = PBXFileReference; name = "CDVCamera.m"; path = "cordova-plugin-camera/CDVCamera.m"; sourceTree = "<group>"; fileEncoding = 4; lastKnownFileType = sourcecode.c.objc; explicitFileType = undefined; includeInIndex = 0; };
		EF3B612857274D3C947A9EDF /* CDVJpegHeaderWriter.m */ = {isa = PBXFileReference; name = "CDVJpegHeaderWriter.m"; path = "cordova-plugin-camera/CDVJpegHeaderWriter.m"; sourceTree = "<group>"; fileEncoding = 4; lastKnownFileType = sourcecode.c.objc; explicitFileType = undefined; includeInIndex = 0; };
		CE627D2C6E18446F9EFCED0F /* UIImage+CropScaleOrientation.h */ = {isa = PBXFileReference; name = "UIImage+CropScaleOrientation.h"; path = "cordova-plugin-camera/UIImage+CropScaleOrientation.h"; sourceTree = "<group>"; fileEncoding = 4; lastKnownFileType = sourcecode.c.h; explicitFileType = undefined; includeInIndex = 0; };
		FADAB63973E042F5A7FE16C5 /* CDVCamera.h */ = {isa = PBXFileReference; name = "CDVCamera.h"; path = "cordova-plugin-camera/CDVCamera.h"; sourceTree = "<group>"; fileEncoding = 4; lastKnownFileType = sourcecode.c.h; explicitFileType = undefined; includeInIndex = 0; };
		8637D4FB3AA44CDFA1178A6A /* CDVJpegHeaderWriter.h */ = {isa = PBXFileReference; name = "CDVJpegHeaderWriter.h"; path = "cordova-plugin-camera/CDVJpegHeaderWriter.h"; sourceTree = "<group>"; fileEncoding = 4; lastKnownFileType = sourcecode.c.h; explicitFileType = undefined; includeInIndex = 0; };
		D602C43A7BDA4EA2B0CE9706 /* CDVExif.h */ = {isa = PBXFileReference; name = "CDVExif.h"; path = "cordova-plugin-camera/CDVExif.h"; sourceTree = "<group>"; fileEncoding = 4; lastKnownFileType = sourcecode.c.h; explicitFileType = undefined; includeInIndex = 0; };
		FD470223244C4E05AD18F605 /* CDVDevice.m */ = {isa = PBXFileReference; name = "CDVDevice.m"; path = "cordova-plugin-device/CDVDevice.m"; sourceTree = "<group>"; fileEncoding = 4; lastKnownFileType = sourcecode.c.objc; explicitFileType = undefined; includeInIndex = 0; };
		EB2239B7F7CB4497A2ABAB8D /* CDVDevice.h */ = {isa = PBXFileReference; name = "CDVDevice.h"; path = "cordova-plugin-device/CDVDevice.h"; sourceTree = "<group>"; fileEncoding = 4; lastKnownFileType = sourcecode.c.h; explicitFileType = undefined; includeInIndex = 0; };
		12CAB2A1F3534E85BF4669A8 /* CDVNotification.m */ = {isa = PBXFileReference; name = "CDVNotification.m"; path = "cordova-plugin-dialogs/CDVNotification.m"; sourceTree = "<group>"; fileEncoding = 4; lastKnownFileType = sourcecode.c.objc; explicitFileType = undefined; includeInIndex = 0; };
		31C2C6E477D8472FBF92E9DB /* CDVNotification.h */ = {isa = PBXFileReference; name = "CDVNotification.h"; path = "cordova-plugin-dialogs/CDVNotification.h"; sourceTree = "<group>"; fileEncoding = 4; lastKnownFileType = sourcecode.c.h; explicitFileType = undefined; includeInIndex = 0; };
		FBE2BB968A704A2DB2B6C896 /* CDVNotification.bundle */ = {isa = PBXFileReference; name = "CDVNotification.bundle"; path = "CDVNotification.bundle"; sourceTree = "<group>"; fileEncoding = undefined; lastKnownFileType = wrapper.plug-in; explicitFileType = undefined; includeInIndex = 0; };
		3ECD9B72C8ED4085B636402B /* FacebookConnectPlugin.m */ = {isa = PBXFileReference; name = "FacebookConnectPlugin.m"; path = "cordova-plugin-facebook4/FacebookConnectPlugin.m"; sourceTree = "<group>"; fileEncoding = 4; lastKnownFileType = sourcecode.c.objc; explicitFileType = undefined; includeInIndex = 0; };
		775DAEBC45B6482588AE8D77 /* FacebookConnectPlugin.h */ = {isa = PBXFileReference; name = "FacebookConnectPlugin.h"; path = "cordova-plugin-facebook4/FacebookConnectPlugin.h"; sourceTree = "<group>"; fileEncoding = 4; lastKnownFileType = sourcecode.c.h; explicitFileType = undefined; includeInIndex = 0; };
		286D48D1331F4C55B0751390 /* Bolts.framework */ = {isa = PBXFileReference; name = "Bolts.framework"; path = "Pockeyt/Plugins/cordova-plugin-facebook4/Bolts.framework"; sourceTree = "<group>"; fileEncoding = undefined; lastKnownFileType = wrapper.framework; explicitFileType = undefined; includeInIndex = 0; };
		173C34E0301F41A5B04605ED /* FBSDKCoreKit.framework */ = {isa = PBXFileReference; name = "FBSDKCoreKit.framework"; path = "Pockeyt/Plugins/cordova-plugin-facebook4/FBSDKCoreKit.framework"; sourceTree = "<group>"; fileEncoding = undefined; lastKnownFileType = wrapper.framework; explicitFileType = undefined; includeInIndex = 0; };
		5DC1C981B6D148BA81048328 /* FBSDKLoginKit.framework */ = {isa = PBXFileReference; name = "FBSDKLoginKit.framework"; path = "Pockeyt/Plugins/cordova-plugin-facebook4/FBSDKLoginKit.framework"; sourceTree = "<group>"; fileEncoding = undefined; lastKnownFileType = wrapper.framework; explicitFileType = undefined; includeInIndex = 0; };
		C8C3A50834294C4C9225655F /* FBSDKShareKit.framework */ = {isa = PBXFileReference; name = "FBSDKShareKit.framework"; path = "Pockeyt/Plugins/cordova-plugin-facebook4/FBSDKShareKit.framework"; sourceTree = "<group>"; fileEncoding = undefined; lastKnownFileType = wrapper.framework; explicitFileType = undefined; includeInIndex = 0; };
		A35C91B4A00C43C783A6A2BE /* CDVFileTransfer.m */ = {isa = PBXFileReference; name = "CDVFileTransfer.m"; path = "cordova-plugin-file-transfer/CDVFileTransfer.m"; sourceTree = "<group>"; fileEncoding = 4; lastKnownFileType = sourcecode.c.objc; explicitFileType = undefined; includeInIndex = 0; };
		58C4AC46B91E4EBFB6F539E9 /* CDVFileTransfer.h */ = {isa = PBXFileReference; name = "CDVFileTransfer.h"; path = "cordova-plugin-file-transfer/CDVFileTransfer.h"; sourceTree = "<group>"; fileEncoding = 4; lastKnownFileType = sourcecode.c.h; explicitFileType = undefined; includeInIndex = 0; };
		35DA5A6847434F27AE5445F7 /* CDVLocation.m */ = {isa = PBXFileReference; name = "CDVLocation.m"; path = "cordova-plugin-geolocation/CDVLocation.m"; sourceTree = "<group>"; fileEncoding = 4; lastKnownFileType = sourcecode.c.objc; explicitFileType = undefined; includeInIndex = 0; };
		0F192260CF84413EB16826BE /* CDVLocation.h */ = {isa = PBXFileReference; name = "CDVLocation.h"; path = "cordova-plugin-geolocation/CDVLocation.h"; sourceTree = "<group>"; fileEncoding = 4; lastKnownFileType = sourcecode.c.h; explicitFileType = undefined; includeInIndex = 0; };
		5410B22293D240F89C24703F /* UniversalAnalyticsPlugin.m */ = {isa = PBXFileReference; name = "UniversalAnalyticsPlugin.m"; path = "cordova-plugin-google-analytics/UniversalAnalyticsPlugin.m"; sourceTree = "<group>"; fileEncoding = 4; lastKnownFileType = sourcecode.c.objc; explicitFileType = undefined; includeInIndex = 0; };
		560B15B3076E455D95E4B57A /* libGoogleAnalyticsServices.a */ = {isa = PBXFileReference; name = "libGoogleAnalyticsServices.a"; path = "Pockeyt/Plugins/cordova-plugin-google-analytics/libGoogleAnalyticsServices.a"; sourceTree = "<group>"; fileEncoding = undefined; lastKnownFileType = archive.ar; explicitFileType = undefined; includeInIndex = 0; };
		66128E5A2D91411FAEC548D8 /* UniversalAnalyticsPlugin.h */ = {isa = PBXFileReference; name = "UniversalAnalyticsPlugin.h"; path = "cordova-plugin-google-analytics/UniversalAnalyticsPlugin.h"; sourceTree = "<group>"; fileEncoding = 4; lastKnownFileType = sourcecode.c.h; explicitFileType = undefined; includeInIndex = 0; };
		89FBFA766B984854B0105B11 /* GAIDictionaryBuilder.h */ = {isa = PBXFileReference; name = "GAIDictionaryBuilder.h"; path = "cordova-plugin-google-analytics/GAIDictionaryBuilder.h"; sourceTree = "<group>"; fileEncoding = 4; lastKnownFileType = sourcecode.c.h; explicitFileType = undefined; includeInIndex = 0; };
		520CE350C9D7456E909160B8 /* GAIFields.h */ = {isa = PBXFileReference; name = "GAIFields.h"; path = "cordova-plugin-google-analytics/GAIFields.h"; sourceTree = "<group>"; fileEncoding = 4; lastKnownFileType = sourcecode.c.h; explicitFileType = undefined; includeInIndex = 0; };
		BD7F57780ADE42AD9FD2992D /* GAILogger.h */ = {isa = PBXFileReference; name = "GAILogger.h"; path = "cordova-plugin-google-analytics/GAILogger.h"; sourceTree = "<group>"; fileEncoding = 4; lastKnownFileType = sourcecode.c.h; explicitFileType = undefined; includeInIndex = 0; };
		F6207C7EF860447898529421 /* GAITrackedViewController.h */ = {isa = PBXFileReference; name = "GAITrackedViewController.h"; path = "cordova-plugin-google-analytics/GAITrackedViewController.h"; sourceTree = "<group>"; fileEncoding = 4; lastKnownFileType = sourcecode.c.h; explicitFileType = undefined; includeInIndex = 0; };
		E67F9353CC114CE2925DAEC7 /* GAI.h */ = {isa = PBXFileReference; name = "GAI.h"; path = "cordova-plugin-google-analytics/GAI.h"; sourceTree = "<group>"; fileEncoding = 4; lastKnownFileType = sourcecode.c.h; explicitFileType = undefined; includeInIndex = 0; };
		251A8EEDAFC94DADA593FB3E /* GAITracker.h */ = {isa = PBXFileReference; name = "GAITracker.h"; path = "cordova-plugin-google-analytics/GAITracker.h"; sourceTree = "<group>"; fileEncoding = 4; lastKnownFileType = sourcecode.c.h; explicitFileType = undefined; includeInIndex = 0; };
		C6D9B58B77E34FE4AA4E2F88 /* GAIEcommerceFields.h */ = {isa = PBXFileReference; name = "GAIEcommerceFields.h"; path = "cordova-plugin-google-analytics/GAIEcommerceFields.h"; sourceTree = "<group>"; fileEncoding = 4; lastKnownFileType = sourcecode.c.h; explicitFileType = undefined; includeInIndex = 0; };
		EA7C385125D94A15AF905405 /* GAIEcommerceProduct.h */ = {isa = PBXFileReference; name = "GAIEcommerceProduct.h"; path = "cordova-plugin-google-analytics/GAIEcommerceProduct.h"; sourceTree = "<group>"; fileEncoding = 4; lastKnownFileType = sourcecode.c.h; explicitFileType = undefined; includeInIndex = 0; };
		569DDA37112F440FA534AE9E /* GAIEcommerceProductAction.h */ = {isa = PBXFileReference; name = "GAIEcommerceProductAction.h"; path = "cordova-plugin-google-analytics/GAIEcommerceProductAction.h"; sourceTree = "<group>"; fileEncoding = 4; lastKnownFileType = sourcecode.c.h; explicitFileType = undefined; includeInIndex = 0; };
		159239BD10D74C3D980B3294 /* GAIEcommercePromotion.h */ = {isa = PBXFileReference; name = "GAIEcommercePromotion.h"; path = "cordova-plugin-google-analytics/GAIEcommercePromotion.h"; sourceTree = "<group>"; fileEncoding = 4; lastKnownFileType = sourcecode.c.h; explicitFileType = undefined; includeInIndex = 0; };
		FA832E24AB1C4847B9F12707 /* CDVInAppBrowser.m */ = {isa = PBXFileReference; name = "CDVInAppBrowser.m"; path = "cordova-plugin-inappbrowser/CDVInAppBrowser.m"; sourceTree = "<group>"; fileEncoding = 4; lastKnownFileType = sourcecode.c.objc; explicitFileType = undefined; includeInIndex = 0; };
		A8FAD46F4D7D4819AC068AEB /* CDVInAppBrowser.h */ = {isa = PBXFileReference; name = "CDVInAppBrowser.h"; path = "cordova-plugin-inappbrowser/CDVInAppBrowser.h"; sourceTree = "<group>"; fileEncoding = 4; lastKnownFileType = sourcecode.c.h; explicitFileType = undefined; includeInIndex = 0; };
		F5C80A1C2BBB4C6FA385EF41 /* SpinnerPlugin.m */ = {isa = PBXFileReference; name = "SpinnerPlugin.m"; path = "cordova-plugin-spinner/SpinnerPlugin.m"; sourceTree = "<group>"; fileEncoding = 4; lastKnownFileType = sourcecode.c.objc; explicitFileType = undefined; includeInIndex = 0; };
		2DF4748F039F482AA86D50E8 /* MBProgressHUD.m */ = {isa = PBXFileReference; name = "MBProgressHUD.m"; path = "cordova-plugin-spinner/MBProgressHUD.m"; sourceTree = "<group>"; fileEncoding = 4; lastKnownFileType = sourcecode.c.objc; explicitFileType = undefined; includeInIndex = 0; };
		1A618E249B484B378B682D7C /* SpinnerPlugin.h */ = {isa = PBXFileReference; name = "SpinnerPlugin.h"; path = "cordova-plugin-spinner/SpinnerPlugin.h"; sourceTree = "<group>"; fileEncoding = 4; lastKnownFileType = sourcecode.c.h; explicitFileType = undefined; includeInIndex = 0; };
		0DA93C8AA3F4401DAA5C89C8 /* MBProgressHUD.h */ = {isa = PBXFileReference; name = "MBProgressHUD.h"; path = "cordova-plugin-spinner/MBProgressHUD.h"; sourceTree = "<group>"; fileEncoding = 4; lastKnownFileType = sourcecode.c.h; explicitFileType = undefined; includeInIndex = 0; };
		5B69A9DE56704D7F91A23437 /* CDVSplashScreen.m */ = {isa = PBXFileReference; name = "CDVSplashScreen.m"; path = "cordova-plugin-splashscreen/CDVSplashScreen.m"; sourceTree = "<group>"; fileEncoding = 4; lastKnownFileType = sourcecode.c.objc; explicitFileType = undefined; includeInIndex = 0; };
		35F75D12E9794515B7E122E2 /* CDVViewController+SplashScreen.m */ = {isa = PBXFileReference; name = "CDVViewController+SplashScreen.m"; path = "cordova-plugin-splashscreen/CDVViewController+SplashScreen.m"; sourceTree = "<group>"; fileEncoding = 4; lastKnownFileType = sourcecode.c.objc; explicitFileType = undefined; includeInIndex = 0; };
		BBB1E69F79A349D7BAFCE16E /* CDVSplashScreen.h */ = {isa = PBXFileReference; name = "CDVSplashScreen.h"; path = "cordova-plugin-splashscreen/CDVSplashScreen.h"; sourceTree = "<group>"; fileEncoding = 4; lastKnownFileType = sourcecode.c.h; explicitFileType = undefined; includeInIndex = 0; };
		AC2EB51713084C12AA6FEAB4 /* CDVViewController+SplashScreen.h */ = {isa = PBXFileReference; name = "CDVViewController+SplashScreen.h"; path = "cordova-plugin-splashscreen/CDVViewController+SplashScreen.h"; sourceTree = "<group>"; fileEncoding = 4; lastKnownFileType = sourcecode.c.h; explicitFileType = undefined; includeInIndex = 0; };
		A029215D9FC64D6D98D082E8 /* SQLitePlugin.m */ = {isa = PBXFileReference; name = "SQLitePlugin.m"; path = "cordova-plugin-sqlite-2/SQLitePlugin.m"; sourceTree = "<group>"; fileEncoding = 4; lastKnownFileType = sourcecode.c.objc; explicitFileType = undefined; includeInIndex = 0; };
		ABCF907117004290BCCC26E9 /* SQLitePlugin.h */ = {isa = PBXFileReference; name = "SQLitePlugin.h"; path = "cordova-plugin-sqlite-2/SQLitePlugin.h"; sourceTree = "<group>"; fileEncoding = 4; lastKnownFileType = sourcecode.c.h; explicitFileType = undefined; includeInIndex = 0; };
		40B2CF7AC27C463B9ED0AB2F /* NSString+URLEncoding.m */ = {isa = PBXFileReference; name = "NSString+URLEncoding.m"; path = "cordova-plugin-x-socialsharing/NSString+URLEncoding.m"; sourceTree = "<group>"; fileEncoding = 4; lastKnownFileType = sourcecode.c.objc; explicitFileType = undefined; includeInIndex = 0; };
		3E0BEB5B0411462792F1E131 /* SocialSharing.m */ = {isa = PBXFileReference; name = "SocialSharing.m"; path = "cordova-plugin-x-socialsharing/SocialSharing.m"; sourceTree = "<group>"; fileEncoding = 4; lastKnownFileType = sourcecode.c.objc; explicitFileType = undefined; includeInIndex = 0; };
		851B6F1CA86A4A9CA6386936 /* NSString+URLEncoding.h */ = {isa = PBXFileReference; name = "NSString+URLEncoding.h"; path = "cordova-plugin-x-socialsharing/NSString+URLEncoding.h"; sourceTree = "<group>"; fileEncoding = 4; lastKnownFileType = sourcecode.c.h; explicitFileType = undefined; includeInIndex = 0; };
		AE4CC50F92F44329BAF0858C /* SocialSharing.h */ = {isa = PBXFileReference; name = "SocialSharing.h"; path = "cordova-plugin-x-socialsharing/SocialSharing.h"; sourceTree = "<group>"; fileEncoding = 4; lastKnownFileType = sourcecode.c.h; explicitFileType = undefined; includeInIndex = 0; };
		382C031EFA8A404A96037F8A /* Toast+UIView.m */ = {isa = PBXFileReference; name = "Toast+UIView.m"; path = "cordova-plugin-x-toast/Toast+UIView.m"; sourceTree = "<group>"; fileEncoding = 4; lastKnownFileType = sourcecode.c.objc; explicitFileType = undefined; includeInIndex = 0; };
		853F2D6AD19E4364B7F31475 /* Toast.m */ = {isa = PBXFileReference; name = "Toast.m"; path = "cordova-plugin-x-toast/Toast.m"; sourceTree = "<group>"; fileEncoding = 4; lastKnownFileType = sourcecode.c.objc; explicitFileType = undefined; includeInIndex = 0; };
		93E0675A73CD4E49A641354F /* Toast+UIView.h */ = {isa = PBXFileReference; name = "Toast+UIView.h"; path = "cordova-plugin-x-toast/Toast+UIView.h"; sourceTree = "<group>"; fileEncoding = 4; lastKnownFileType = sourcecode.c.h; explicitFileType = undefined; includeInIndex = 0; };
		818D9AC3C53B40E295E0BBBE /* Toast.h */ = {isa = PBXFileReference; name = "Toast.h"; path = "cordova-plugin-x-toast/Toast.h"; sourceTree = "<group>"; fileEncoding = 4; lastKnownFileType = sourcecode.c.h; explicitFileType = undefined; includeInIndex = 0; };
		8E83B954E8FF481D904253CA /* CULPlugin.m */ = {isa = PBXFileReference; name = "CULPlugin.m"; path = "cordova-universal-links-plugin/CULPlugin.m"; sourceTree = "<group>"; fileEncoding = 4; lastKnownFileType = sourcecode.c.objc; explicitFileType = undefined; includeInIndex = 0; };
		C56A45E8BCEF4217AFCF095E /* AppDelegate+CULPlugin.m */ = {isa = PBXFileReference; name = "AppDelegate+CULPlugin.m"; path = "cordova-universal-links-plugin/AppDelegate+CULPlugin.m"; sourceTree = "<group>"; fileEncoding = 4; lastKnownFileType = sourcecode.c.objc; explicitFileType = undefined; includeInIndex = 0; };
		C594D3DA54D14E2989CD1C84 /* CDVPluginResult+CULPlugin.m */ = {isa = PBXFileReference; name = "CDVPluginResult+CULPlugin.m"; path = "cordova-universal-links-plugin/JS/CDVPluginResult+CULPlugin.m"; sourceTree = "<group>"; fileEncoding = 4; lastKnownFileType = sourcecode.c.objc; explicitFileType = undefined; includeInIndex = 0; };
		5C55265255234222A5248526 /* CDVInvokedUrlCommand+CULPlugin.m */ = {isa = PBXFileReference; name = "CDVInvokedUrlCommand+CULPlugin.m"; path = "cordova-universal-links-plugin/JS/CDVInvokedUrlCommand+CULPlugin.m"; sourceTree = "<group>"; fileEncoding = 4; lastKnownFileType = sourcecode.c.objc; explicitFileType = undefined; includeInIndex = 0; };
		487F83F5357F47788DAA9642 /* CULHost.m */ = {isa = PBXFileReference; name = "CULHost.m"; path = "cordova-universal-links-plugin/Model/CULHost.m"; sourceTree = "<group>"; fileEncoding = 4; lastKnownFileType = sourcecode.c.objc; explicitFileType = undefined; includeInIndex = 0; };
		9894E2273C2F4646A2A0D644 /* CULHost.h */ = {isa = PBXFileReference; name = "CULHost.h"; path = "cordova-universal-links-plugin/Model/CULHost.h"; sourceTree = "<group>"; fileEncoding = 4; lastKnownFileType = sourcecode.c.h; explicitFileType = undefined; includeInIndex = 0; };
		1C2F684C1A574A47A194D32E /* CULPath.m */ = {isa = PBXFileReference; name = "CULPath.m"; path = "cordova-universal-links-plugin/Model/CULPath.m"; sourceTree = "<group>"; fileEncoding = 4; lastKnownFileType = sourcecode.c.objc; explicitFileType = undefined; includeInIndex = 0; };
		6A1661754B8741FE8A106883 /* CULPath.h */ = {isa = PBXFileReference; name = "CULPath.h"; path = "cordova-universal-links-plugin/Model/CULPath.h"; sourceTree = "<group>"; fileEncoding = 4; lastKnownFileType = sourcecode.c.h; explicitFileType = undefined; includeInIndex = 0; };
		7BE17CBFEE9B46AFB5E11101 /* CULXmlTags.m */ = {isa = PBXFileReference; name = "CULXmlTags.m"; path = "cordova-universal-links-plugin/Parser/CULXmlTags.m"; sourceTree = "<group>"; fileEncoding = 4; lastKnownFileType = sourcecode.c.objc; explicitFileType = undefined; includeInIndex = 0; };
		974CA8ECC474413EA07F650C /* CULXmlTags.h */ = {isa = PBXFileReference; name = "CULXmlTags.h"; path = "cordova-universal-links-plugin/Parser/CULXmlTags.h"; sourceTree = "<group>"; fileEncoding = 4; lastKnownFileType = sourcecode.c.h; explicitFileType = undefined; includeInIndex = 0; };
		CFE03A5D30954BFC81D28888 /* CULConfigXmlParser.m */ = {isa = PBXFileReference; name = "CULConfigXmlParser.m"; path = "cordova-universal-links-plugin/Parser/CULConfigXmlParser.m"; sourceTree = "<group>"; fileEncoding = 4; lastKnownFileType = sourcecode.c.objc; explicitFileType = undefined; includeInIndex = 0; };
		2A31A6323D0C4384B8C2F587 /* CULConfigXmlParser.h */ = {isa = PBXFileReference; name = "CULConfigXmlParser.h"; path = "cordova-universal-links-plugin/Parser/CULConfigXmlParser.h"; sourceTree = "<group>"; fileEncoding = 4; lastKnownFileType = sourcecode.c.h; explicitFileType = undefined; includeInIndex = 0; };
		1133A41056004C62AE8D2B3E /* NSBundle+CULPlugin.m */ = {isa = PBXFileReference; name = "NSBundle+CULPlugin.m"; path = "cordova-universal-links-plugin/Utils/NSBundle+CULPlugin.m"; sourceTree = "<group>"; fileEncoding = 4; lastKnownFileType = sourcecode.c.objc; explicitFileType = undefined; includeInIndex = 0; };
		33D5CDA84EDB4CF3B1D973FB /* NSBundle+CULPlugin.h */ = {isa = PBXFileReference; name = "NSBundle+CULPlugin.h"; path = "cordova-universal-links-plugin/Utils/NSBundle+CULPlugin.h"; sourceTree = "<group>"; fileEncoding = 4; lastKnownFileType = sourcecode.c.h; explicitFileType = undefined; includeInIndex = 0; };
		CC31ECC9044C4E359271C210 /* CULPlugin.h */ = {isa = PBXFileReference; name = "CULPlugin.h"; path = "cordova-universal-links-plugin/CULPlugin.h"; sourceTree = "<group>"; fileEncoding = 4; lastKnownFileType = sourcecode.c.h; explicitFileType = undefined; includeInIndex = 0; };
		6289A1F4A3F54215AC57C37B /* AppDelegate+CULPlugin.h */ = {isa = PBXFileReference; name = "AppDelegate+CULPlugin.h"; path = "cordova-universal-links-plugin/AppDelegate+CULPlugin.h"; sourceTree = "<group>"; fileEncoding = 4; lastKnownFileType = sourcecode.c.h; explicitFileType = undefined; includeInIndex = 0; };
		0FB81E10A4B44DE197378E16 /* CDVPluginResult+CULPlugin.h */ = {isa = PBXFileReference; name = "CDVPluginResult+CULPlugin.h"; path = "cordova-universal-links-plugin/JS/CDVPluginResult+CULPlugin.h"; sourceTree = "<group>"; fileEncoding = 4; lastKnownFileType = sourcecode.c.h; explicitFileType = undefined; includeInIndex = 0; };
		DCE133A714E94F08883D2D47 /* CDVInvokedUrlCommand+CULPlugin.h */ = {isa = PBXFileReference; name = "CDVInvokedUrlCommand+CULPlugin.h"; path = "cordova-universal-links-plugin/JS/CDVInvokedUrlCommand+CULPlugin.h"; sourceTree = "<group>"; fileEncoding = 4; lastKnownFileType = sourcecode.c.h; explicitFileType = undefined; includeInIndex = 0; };
		D7A3CBA98F50468EB5FEC5EA /* BranchSDK.m */ = {isa = PBXFileReference; name = "BranchSDK.m"; path = "io.branch.sdk/BranchSDK.m"; sourceTree = "<group>"; fileEncoding = 4; lastKnownFileType = sourcecode.c.objc; explicitFileType = undefined; includeInIndex = 0; };
		4059AC028ED8498C94860B5B /* AppDelegate+BranchSdk.m */ = {isa = PBXFileReference; name = "AppDelegate+BranchSdk.m"; path = "io.branch.sdk/AppDelegate+BranchSdk.m"; sourceTree = "<group>"; fileEncoding = 4; lastKnownFileType = sourcecode.c.objc; explicitFileType = undefined; includeInIndex = 0; };
		E9129A7132EC4D37BBD77175 /* BranchSDK.h */ = {isa = PBXFileReference; name = "BranchSDK.h"; path = "io.branch.sdk/BranchSDK.h"; sourceTree = "<group>"; fileEncoding = 4; lastKnownFileType = sourcecode.c.h; explicitFileType = undefined; includeInIndex = 0; };
		1F0002740FD24CA6965FA062 /* BranchView.h */ = {isa = PBXFileReference; name = "BranchView.h"; path = "io.branch.sdk/BranchView.h"; sourceTree = "<group>"; fileEncoding = 4; lastKnownFileType = sourcecode.c.h; explicitFileType = undefined; includeInIndex = 0; };
		B224BB7955E64675A2DC8283 /* BranchViewHandler.h */ = {isa = PBXFileReference; name = "BranchViewHandler.h"; path = "io.branch.sdk/BranchViewHandler.h"; sourceTree = "<group>"; fileEncoding = 4; lastKnownFileType = sourcecode.c.h; explicitFileType = undefined; includeInIndex = 0; };
		F904AA77CB8442D188416973 /* Branch.framework */ = {isa = PBXFileReference; name = "Branch.framework"; path = "Pockeyt/Plugins/io.branch.sdk/Branch.framework"; sourceTree = "<group>"; fileEncoding = undefined; lastKnownFileType = wrapper.framework; explicitFileType = undefined; includeInIndex = 0; };
		CD1D1B5AA20E417A8B260858 /* IonicKeyboard.m */ = {isa = PBXFileReference; name = "IonicKeyboard.m"; path = "ionic-plugin-keyboard/IonicKeyboard.m"; sourceTree = "<group>"; fileEncoding = 4; lastKnownFileType = sourcecode.c.objc; explicitFileType = undefined; includeInIndex = 0; };
		27C79FED780B4EE7A603EB2A /* IonicKeyboard.h */ = {isa = PBXFileReference; name = "IonicKeyboard.h"; path = "ionic-plugin-keyboard/IonicKeyboard.h"; sourceTree = "<group>"; fileEncoding = 4; lastKnownFileType = sourcecode.c.h; explicitFileType = undefined; includeInIndex = 0; };
		D80FA413F4B344218DA23176 /* PushNotification.m */ = {isa = PBXFileReference; name = "PushNotification.m"; path = "pushwoosh-cordova-plugin/ios/PushNotification.m"; sourceTree = "<group>"; fileEncoding = 4; lastKnownFileType = sourcecode.c.objc; explicitFileType = undefined; includeInIndex = 0; };
		1BAA09ACFB564580A40720DF /* Pushwoosh */ = {isa = PBXFileReference; name = "Pushwoosh"; path = "Pockeyt/Plugins/pushwoosh-cordova-plugin/Pushwoosh"; sourceTree = "<group>"; fileEncoding = undefined; lastKnownFileType = unknown; explicitFileType = undefined; includeInIndex = 0; };
		E34C4647CB554BE4B6F10EDA /* PushNotification.h */ = {isa = PBXFileReference; name = "PushNotification.h"; path = "pushwoosh-cordova-plugin/ios/PushNotification.h"; sourceTree = "<group>"; fileEncoding = 4; lastKnownFileType = sourcecode.c.h; explicitFileType = undefined; includeInIndex = 0; };
		9AA42ABDCCED4260B1E46CB6 /* PushNotificationManager.h */ = {isa = PBXFileReference; name = "PushNotificationManager.h"; path = "pushwoosh-cordova-plugin/ios/PushNotificationManager.h"; sourceTree = "<group>"; fileEncoding = 4; lastKnownFileType = sourcecode.c.h; explicitFileType = undefined; includeInIndex = 0; };
		91007177D9B944D79C6EE84D /* CDVFile.m */ = {isa = PBXFileReference; name = "CDVFile.m"; path = "cordova-plugin-file/CDVFile.m"; sourceTree = "<group>"; fileEncoding = 4; lastKnownFileType = sourcecode.c.objc; explicitFileType = undefined; includeInIndex = 0; };
		16D3D82072694FC9827363DC /* CDVLocalFilesystem.m */ = {isa = PBXFileReference; name = "CDVLocalFilesystem.m"; path = "cordova-plugin-file/CDVLocalFilesystem.m"; sourceTree = "<group>"; fileEncoding = 4; lastKnownFileType = sourcecode.c.objc; explicitFileType = undefined; includeInIndex = 0; };
		01CABEF877444B18A7D4D7F9 /* CDVAssetLibraryFilesystem.m */ = {isa = PBXFileReference; name = "CDVAssetLibraryFilesystem.m"; path = "cordova-plugin-file/CDVAssetLibraryFilesystem.m"; sourceTree = "<group>"; fileEncoding = 4; lastKnownFileType = sourcecode.c.objc; explicitFileType = undefined; includeInIndex = 0; };
		E8B732CDE7284E82B947850B /* CDVFile.h */ = {isa = PBXFileReference; name = "CDVFile.h"; path = "cordova-plugin-file/CDVFile.h"; sourceTree = "<group>"; fileEncoding = 4; lastKnownFileType = sourcecode.c.h; explicitFileType = undefined; includeInIndex = 0; };
		60DDABE5C18245E6B1048053 /* CDVLocalFilesystem.h */ = {isa = PBXFileReference; name = "CDVLocalFilesystem.h"; path = "cordova-plugin-file/CDVLocalFilesystem.h"; sourceTree = "<group>"; fileEncoding = 4; lastKnownFileType = sourcecode.c.h; explicitFileType = undefined; includeInIndex = 0; };
		09B365F5AA50469DB6A446E2 /* CDVAssetLibraryFilesystem.h */ = {isa = PBXFileReference; name = "CDVAssetLibraryFilesystem.h"; path = "cordova-plugin-file/CDVAssetLibraryFilesystem.h"; sourceTree = "<group>"; fileEncoding = 4; lastKnownFileType = sourcecode.c.h; explicitFileType = undefined; includeInIndex = 0; };
		FE8F944ACF224C73A4C6901A /* BraintreePlugin.m */ = {isa = PBXFileReference; name = "BraintreePlugin.m"; path = "cordova-plugin-braintree/BraintreePlugin.m"; sourceTree = "<group>"; fileEncoding = 4; lastKnownFileType = sourcecode.c.objc; explicitFileType = undefined; includeInIndex = 0; };
		6C91B28551AE4B46A7A01404 /* BraintreePlugin.h */ = {isa = PBXFileReference; name = "BraintreePlugin.h"; path = "cordova-plugin-braintree/BraintreePlugin.h"; sourceTree = "<group>"; fileEncoding = 4; lastKnownFileType = sourcecode.c.h; explicitFileType = undefined; includeInIndex = 0; };
		F0B51ADFED15465FB33AB235 /* BraintreeVenmo.framework */ = {isa = PBXFileReference; name = "BraintreeVenmo.framework"; path = "Pockeyt/Plugins/cordova-plugin-braintree/BraintreeVenmo.framework"; sourceTree = "<group>"; fileEncoding = 9; lastKnownFileType = wrapper.framework; explicitFileType = undefined; includeInIndex = 0; };
		B4335A515F644CC2BA9BAAAF /* BraintreeUI.framework */ = {isa = PBXFileReference; name = "BraintreeUI.framework"; path = "Pockeyt/Plugins/cordova-plugin-braintree/BraintreeUI.framework"; sourceTree = "<group>"; fileEncoding = 9; lastKnownFileType = wrapper.framework; explicitFileType = undefined; includeInIndex = 0; };
		C4CCE3B64D0E422C9BF9EE8B /* BraintreePayPal.framework */ = {isa = PBXFileReference; name = "BraintreePayPal.framework"; path = "Pockeyt/Plugins/cordova-plugin-braintree/BraintreePayPal.framework"; sourceTree = "<group>"; fileEncoding = 9; lastKnownFileType = wrapper.framework; explicitFileType = undefined; includeInIndex = 0; };
		A7D6227DFF0E4A44901F5C93 /* BraintreeDataCollector.framework */ = {isa = PBXFileReference; name = "BraintreeDataCollector.framework"; path = "Pockeyt/Plugins/cordova-plugin-braintree/BraintreeDataCollector.framework"; sourceTree = "<group>"; fileEncoding = 9; lastKnownFileType = wrapper.framework; explicitFileType = undefined; includeInIndex = 0; };
		4CE00A92A507459E84568F83 /* BraintreeCore.framework */ = {isa = PBXFileReference; name = "BraintreeCore.framework"; path = "Pockeyt/Plugins/cordova-plugin-braintree/BraintreeCore.framework"; sourceTree = "<group>"; fileEncoding = 9; lastKnownFileType = wrapper.framework; explicitFileType = undefined; includeInIndex = 0; };
		9B41371116B9411686E0D82D /* BraintreeCard.framework */ = {isa = PBXFileReference; name = "BraintreeCard.framework"; path = "Pockeyt/Plugins/cordova-plugin-braintree/BraintreeCard.framework"; sourceTree = "<group>"; fileEncoding = 9; lastKnownFileType = wrapper.framework; explicitFileType = undefined; includeInIndex = 0; };
		E13B4AF4F4AF4D7FB054F2C8 /* BraintreeApplePay.framework */ = {isa = PBXFileReference; name = "BraintreeApplePay.framework"; path = "Pockeyt/Plugins/cordova-plugin-braintree/BraintreeApplePay.framework"; sourceTree = "<group>"; fileEncoding = 9; lastKnownFileType = wrapper.framework; explicitFileType = undefined; includeInIndex = 0; };
		FBA07A4D58814697ABD9806D /* Braintree3DSecure.framework */ = {isa = PBXFileReference; name = "Braintree3DSecure.framework"; path = "Pockeyt/Plugins/cordova-plugin-braintree/Braintree3DSecure.framework"; sourceTree = "<group>"; fileEncoding = 9; lastKnownFileType = wrapper.framework; explicitFileType = undefined; includeInIndex = 0; };
/* End PBXFileReference section */

/* Begin PBXFrameworksBuildPhase section */
		1D60588F0D05DD3D006BFB54 /* Frameworks */ = {
			isa = PBXFrameworksBuildPhase;
			buildActionMask = 2147483647;
			files = (
				301BF552109A68D80062928A /* libCordova.a in Frameworks */,
				F0919380A22D4051AD82A18F /* ImageIO.framework in Frameworks */,
				B8539D178A364A15AD3A11D3 /* CoreLocation.framework in Frameworks */,
				A15D8286F18E4C04A3DFCE9D /* AVFoundation.framework in Frameworks */,
				20EE5C45FD8642C99CFAFC31 /* AudioToolbox.framework in Frameworks */,
				404917D33A704F88A0DE6662 /* SystemConfiguration.framework in Frameworks */,
				274353CB124343508898D360 /* CoreData.framework in Frameworks */,
				CDDA388F922D44FCBC2FB689 /* libz.dylib in Frameworks */,
				7B8D5EA00D1047F69FBB877D /* libsqlite3.dylib in Frameworks */,
				B3F5274584BD45A69B1AC1DE /* Social.framework in Frameworks */,
				4368B8D248FF42BBA76B4B85 /* MessageUI.framework in Frameworks */,
				73D1B167B6794E348F30A6B3 /* QuartzCore.framework in Frameworks */,
				728FF53E93064896A9D960DF /* Pushwoosh in Frameworks */,
				4BAA63F45F4049E49FF4772B /* Security.framework in Frameworks */,
				2B5D6E023C1F4EFBB113E5A3 /* Storekit.framework in Frameworks */,
				5AA35E110B624188B412F647 /* libstdc++.dylib in Frameworks */,
				9BBE3204F6F7457EA396458C /* Bolts.framework in Frameworks */,
				E80F1AC3079B4CF59F96B949 /* FBSDKCoreKit.framework in Frameworks */,
				B1E4479A4C21471FBE6238BC /* FBSDKLoginKit.framework in Frameworks */,
				CE9F7ABA09F045F0B433ED23 /* FBSDKShareKit.framework in Frameworks */,
				E4F2E8BAF29E4F5B9E20D5DE /* libGoogleAnalyticsServices.a in Frameworks */,
				74BA085B575C481898269D4F /* Branch.framework in Frameworks */,
				DB87E9B1E48F48418E40A895 /* Pushwoosh in Resources */,
				6A22D6A952FB483E85CC956A /* BraintreeVenmo.framework in Frameworks */,
				9A04F78CAA1C4F089574DE70 /* BraintreeUI.framework in Frameworks */,
				96DC909BEB13422DB96F79D1 /* BraintreePayPal.framework in Frameworks */,
				FA19CE6E5C73463488B6E945 /* BraintreeDataCollector.framework in Frameworks */,
				DAF44774F500490B8AC12972 /* BraintreeCore.framework in Frameworks */,
				31B294B8B28648AEB998F883 /* BraintreeCard.framework in Frameworks */,
				126DBFD3A81D4C6A9CC4B930 /* BraintreeApplePay.framework in Frameworks */,
				3D98B1A5F6D14391A7813A5B /* Braintree3DSecure.framework in Frameworks */,
			);
			runOnlyForDeploymentPostprocessing = 0;
		};
/* End PBXFrameworksBuildPhase section */

/* Begin PBXGroup section */
		080E96DDFE201D6D7F000001 /* Classes */ = {
			isa = PBXGroup;
			children = (
				302D95EE14D2391D003F00A1 /* MainViewController.h */,
				302D95EF14D2391D003F00A1 /* MainViewController.m */,
				302D95F014D2391D003F00A1 /* MainViewController.xib */,
				1D3623240D0F684500981E51 /* AppDelegate.h */,
				1D3623250D0F684500981E51 /* AppDelegate.m */,
			);
			name = Classes;
			path = Pockeyt/Classes;
			sourceTree = SOURCE_ROOT;
		};
		19C28FACFE9D520D11CA2CBB /* Products */ = {
			isa = PBXGroup;
			children = (
				1D6058910D05DD3D006BFB54 /* Pockeyt.app */,
			);
			name = Products;
			sourceTree = "<group>";
		};
		29B97314FDCFA39411CA2CEA /* CustomTemplate */ = {
			isa = PBXGroup;
			children = (
				EB87FDF41871DAF40020F90C /* config.xml */,
				EB87FDF31871DA8E0020F90C /* www */,
				EB87FDF11871DA420020F90C /* Staging */,
				301BF52D109A57CC0062928A /* CordovaLib.xcodeproj */,
				080E96DDFE201D6D7F000001 /* Classes */,
				307C750510C5A3420062BCA9 /* Plugins */,
				29B97315FDCFA39411CA2CEA /* Other Sources */,
				29B97317FDCFA39411CA2CEA /* Resources */,
				29B97323FDCFA39411CA2CEA /* Frameworks */,
				19C28FACFE9D520D11CA2CBB /* Products */,
			);
			name = CustomTemplate;
			sourceTree = "<group>";
		};
		29B97315FDCFA39411CA2CEA /* Other Sources */ = {
			isa = PBXGroup;
			children = (
				32CA4F630368D1EE00C91783 /* Pockeyt-Prefix.pch */,
				29B97316FDCFA39411CA2CEA /* main.m */,
				ED33DF2A687741AEAF9F8254 /* Bridging-Header.h */,
			);
			name = "Other Sources";
			path = Pockeyt;
			sourceTree = "<group>";
		};
		29B97317FDCFA39411CA2CEA /* Resources */ = {
			isa = PBXGroup;
			children = (
				0207DA571B56EA530066E2B4 /* Images.xcassets */,
				3047A50E1AB8057F00498E2A /* config */,
				8D1107310486CEB800E47090 /* Pockeyt-Info.plist */,
				2275226FEC254A2BBECC038E /* Pockeyt.entitlements */,
				FBE2BB968A704A2DB2B6C896 /* CDVNotification.bundle */,
			);
			name = Resources;
			path = Pockeyt/Resources;
			sourceTree = "<group>";
		};
		29B97323FDCFA39411CA2CEA /* Frameworks */ = {
			isa = PBXGroup;
			children = (
				AF5F5A13C9294F84BDAD9B0B /* ImageIO.framework */,
				0E127B51CFB544668F58BDF6 /* CoreLocation.framework */,
				FA466BAAD06847CF9906F4CA /* AVFoundation.framework */,
				1CBBBF4EAE054095939053CF /* AudioToolbox.framework */,
				636E135FD3824D0CA2B8425C /* SystemConfiguration.framework */,
				0C29235074DA443B88913CB4 /* CoreData.framework */,
				7F7FD6730CA64F5C9A9E1149 /* libz.dylib */,
				A660CD1637E54BBEB985AC1B /* libsqlite3.dylib */,
				6B916CA7413E49E99ABAB56A /* Social.framework */,
				3D5DD61C2C8A4110B86EA320 /* MessageUI.framework */,
				C10A54AA686F4A6D8FFE805D /* QuartzCore.framework */,
				D1E62FF193744EE3B628A9AC /* Security.framework */,
				1D92795BC3764C1F89D2CF72 /* Storekit.framework */,
				E013F37ECEDD4DF5A55B2681 /* libstdc++.dylib */,
				286D48D1331F4C55B0751390 /* Bolts.framework */,
				173C34E0301F41A5B04605ED /* FBSDKCoreKit.framework */,
				5DC1C981B6D148BA81048328 /* FBSDKLoginKit.framework */,
				C8C3A50834294C4C9225655F /* FBSDKShareKit.framework */,
				560B15B3076E455D95E4B57A /* libGoogleAnalyticsServices.a */,
				F904AA77CB8442D188416973 /* Branch.framework */,
				1BAA09ACFB564580A40720DF /* Pushwoosh */,
				F0B51ADFED15465FB33AB235 /* BraintreeVenmo.framework */,
				B4335A515F644CC2BA9BAAAF /* BraintreeUI.framework */,
				C4CCE3B64D0E422C9BF9EE8B /* BraintreePayPal.framework */,
				A7D6227DFF0E4A44901F5C93 /* BraintreeDataCollector.framework */,
				4CE00A92A507459E84568F83 /* BraintreeCore.framework */,
				9B41371116B9411686E0D82D /* BraintreeCard.framework */,
				E13B4AF4F4AF4D7FB054F2C8 /* BraintreeApplePay.framework */,
				FBA07A4D58814697ABD9806D /* Braintree3DSecure.framework */,
			);
			name = Frameworks;
			sourceTree = "<group>";
		};
		301BF52E109A57CC0062928A /* Products */ = {
			isa = PBXGroup;
			children = (
				301BF535109A57CC0062928A /* libCordova.a */,
			);
			name = Products;
			sourceTree = "<group>";
		};
		3047A50E1AB8057F00498E2A /* config */ = {
			isa = PBXGroup;
			children = (
				3047A50F1AB8059700498E2A /* build-debug.xcconfig */,
				3047A5101AB8059700498E2A /* build-release.xcconfig */,
				3047A5111AB8059700498E2A /* build.xcconfig */,
			);
			name = config;
			sourceTree = "<group>";
		};
		307C750510C5A3420062BCA9 /* Plugins */ = {
			isa = PBXGroup;
			children = (
				A32DAF43904D4C149A86C716 /* UIImage+CropScaleOrientation.m */,
				5FC2E9A7063544BDA6C8B4AE /* CDVCamera.m */,
				EF3B612857274D3C947A9EDF /* CDVJpegHeaderWriter.m */,
				CE627D2C6E18446F9EFCED0F /* UIImage+CropScaleOrientation.h */,
				FADAB63973E042F5A7FE16C5 /* CDVCamera.h */,
				8637D4FB3AA44CDFA1178A6A /* CDVJpegHeaderWriter.h */,
				D602C43A7BDA4EA2B0CE9706 /* CDVExif.h */,
				FD470223244C4E05AD18F605 /* CDVDevice.m */,
				EB2239B7F7CB4497A2ABAB8D /* CDVDevice.h */,
				12CAB2A1F3534E85BF4669A8 /* CDVNotification.m */,
				31C2C6E477D8472FBF92E9DB /* CDVNotification.h */,
				3ECD9B72C8ED4085B636402B /* FacebookConnectPlugin.m */,
				775DAEBC45B6482588AE8D77 /* FacebookConnectPlugin.h */,
				A35C91B4A00C43C783A6A2BE /* CDVFileTransfer.m */,
				58C4AC46B91E4EBFB6F539E9 /* CDVFileTransfer.h */,
				35DA5A6847434F27AE5445F7 /* CDVLocation.m */,
				0F192260CF84413EB16826BE /* CDVLocation.h */,
				5410B22293D240F89C24703F /* UniversalAnalyticsPlugin.m */,
				66128E5A2D91411FAEC548D8 /* UniversalAnalyticsPlugin.h */,
				89FBFA766B984854B0105B11 /* GAIDictionaryBuilder.h */,
				520CE350C9D7456E909160B8 /* GAIFields.h */,
				BD7F57780ADE42AD9FD2992D /* GAILogger.h */,
				F6207C7EF860447898529421 /* GAITrackedViewController.h */,
				E67F9353CC114CE2925DAEC7 /* GAI.h */,
				251A8EEDAFC94DADA593FB3E /* GAITracker.h */,
				C6D9B58B77E34FE4AA4E2F88 /* GAIEcommerceFields.h */,
				EA7C385125D94A15AF905405 /* GAIEcommerceProduct.h */,
				569DDA37112F440FA534AE9E /* GAIEcommerceProductAction.h */,
				159239BD10D74C3D980B3294 /* GAIEcommercePromotion.h */,
				FA832E24AB1C4847B9F12707 /* CDVInAppBrowser.m */,
				A8FAD46F4D7D4819AC068AEB /* CDVInAppBrowser.h */,
				F5C80A1C2BBB4C6FA385EF41 /* SpinnerPlugin.m */,
				2DF4748F039F482AA86D50E8 /* MBProgressHUD.m */,
				1A618E249B484B378B682D7C /* SpinnerPlugin.h */,
				0DA93C8AA3F4401DAA5C89C8 /* MBProgressHUD.h */,
				5B69A9DE56704D7F91A23437 /* CDVSplashScreen.m */,
				35F75D12E9794515B7E122E2 /* CDVViewController+SplashScreen.m */,
				BBB1E69F79A349D7BAFCE16E /* CDVSplashScreen.h */,
				AC2EB51713084C12AA6FEAB4 /* CDVViewController+SplashScreen.h */,
				A029215D9FC64D6D98D082E8 /* SQLitePlugin.m */,
				ABCF907117004290BCCC26E9 /* SQLitePlugin.h */,
				40B2CF7AC27C463B9ED0AB2F /* NSString+URLEncoding.m */,
				3E0BEB5B0411462792F1E131 /* SocialSharing.m */,
				851B6F1CA86A4A9CA6386936 /* NSString+URLEncoding.h */,
				AE4CC50F92F44329BAF0858C /* SocialSharing.h */,
				382C031EFA8A404A96037F8A /* Toast+UIView.m */,
				853F2D6AD19E4364B7F31475 /* Toast.m */,
				93E0675A73CD4E49A641354F /* Toast+UIView.h */,
				818D9AC3C53B40E295E0BBBE /* Toast.h */,
				8E83B954E8FF481D904253CA /* CULPlugin.m */,
				C56A45E8BCEF4217AFCF095E /* AppDelegate+CULPlugin.m */,
				C594D3DA54D14E2989CD1C84 /* CDVPluginResult+CULPlugin.m */,
				5C55265255234222A5248526 /* CDVInvokedUrlCommand+CULPlugin.m */,
				487F83F5357F47788DAA9642 /* CULHost.m */,
				9894E2273C2F4646A2A0D644 /* CULHost.h */,
				1C2F684C1A574A47A194D32E /* CULPath.m */,
				6A1661754B8741FE8A106883 /* CULPath.h */,
				7BE17CBFEE9B46AFB5E11101 /* CULXmlTags.m */,
				974CA8ECC474413EA07F650C /* CULXmlTags.h */,
				CFE03A5D30954BFC81D28888 /* CULConfigXmlParser.m */,
				2A31A6323D0C4384B8C2F587 /* CULConfigXmlParser.h */,
				1133A41056004C62AE8D2B3E /* NSBundle+CULPlugin.m */,
				33D5CDA84EDB4CF3B1D973FB /* NSBundle+CULPlugin.h */,
				CC31ECC9044C4E359271C210 /* CULPlugin.h */,
				6289A1F4A3F54215AC57C37B /* AppDelegate+CULPlugin.h */,
				0FB81E10A4B44DE197378E16 /* CDVPluginResult+CULPlugin.h */,
				DCE133A714E94F08883D2D47 /* CDVInvokedUrlCommand+CULPlugin.h */,
				D7A3CBA98F50468EB5FEC5EA /* BranchSDK.m */,
				4059AC028ED8498C94860B5B /* AppDelegate+BranchSdk.m */,
				E9129A7132EC4D37BBD77175 /* BranchSDK.h */,
				1F0002740FD24CA6965FA062 /* BranchView.h */,
				B224BB7955E64675A2DC8283 /* BranchViewHandler.h */,
				CD1D1B5AA20E417A8B260858 /* IonicKeyboard.m */,
				27C79FED780B4EE7A603EB2A /* IonicKeyboard.h */,
				D80FA413F4B344218DA23176 /* PushNotification.m */,
				E34C4647CB554BE4B6F10EDA /* PushNotification.h */,
				9AA42ABDCCED4260B1E46CB6 /* PushNotificationManager.h */,
				91007177D9B944D79C6EE84D /* CDVFile.m */,
				16D3D82072694FC9827363DC /* CDVLocalFilesystem.m */,
				01CABEF877444B18A7D4D7F9 /* CDVAssetLibraryFilesystem.m */,
				E8B732CDE7284E82B947850B /* CDVFile.h */,
				60DDABE5C18245E6B1048053 /* CDVLocalFilesystem.h */,
				09B365F5AA50469DB6A446E2 /* CDVAssetLibraryFilesystem.h */,
				FE8F944ACF224C73A4C6901A /* BraintreePlugin.m */,
				6C91B28551AE4B46A7A01404 /* BraintreePlugin.h */,
			);
			name = Plugins;
			path = Pockeyt/Plugins;
			sourceTree = SOURCE_ROOT;
		};
		EB87FDF11871DA420020F90C /* Staging */ = {
			isa = PBXGroup;
			children = (
				F840E1F0165FE0F500CFE078 /* config.xml */,
				301BF56E109A69640062928A /* www */,
			);
			name = Staging;
			sourceTree = "<group>";
		};
/* End PBXGroup section */

/* Begin PBXNativeTarget section */
		1D6058900D05DD3D006BFB54 /* Pockeyt */ = {
			isa = PBXNativeTarget;
			buildConfigurationList = 1D6058960D05DD3E006BFB54 /* Build configuration list for PBXNativeTarget "Pockeyt" */;
			buildPhases = (
				304B58A110DAC018002A0835 /* Copy www directory */,
				1D60588D0D05DD3D006BFB54 /* Resources */,
				1D60588E0D05DD3D006BFB54 /* Sources */,
				1D60588F0D05DD3D006BFB54 /* Frameworks */,
				666D627F422A4ABF9E1FBFA0 /* Embed Frameworks */,
			);
			buildRules = (
			);
			dependencies = (
				301BF551109A68C00062928A /* PBXTargetDependency */,
			);
			name = Pockeyt;
			productName = Pockeyt;
			productReference = 1D6058910D05DD3D006BFB54 /* Pockeyt.app */;
			productType = "com.apple.product-type.application";
		};
/* End PBXNativeTarget section */

/* Begin PBXProject section */
		29B97313FDCFA39411CA2CEA /* Project object */ = {
			isa = PBXProject;
			attributes = {
				LastUpgradeCheck = 800;
				TargetAttributes = {
					1D6058900D05DD3D006BFB54 = {
						DevelopmentTeam = LXD2C94VJC;
					};
				};
			};
			buildConfigurationList = C01FCF4E08A954540054247B /* Build configuration list for PBXProject "Pockeyt" */;
			compatibilityVersion = "Xcode 3.2";
			developmentRegion = English;
			hasScannedForEncodings = 1;
			knownRegions = (
				en,
			);
			mainGroup = 29B97314FDCFA39411CA2CEA /* CustomTemplate */;
			projectDirPath = "";
			projectReferences = (
				{
					ProductGroup = 301BF52E109A57CC0062928A /* Products */;
					ProjectRef = 301BF52D109A57CC0062928A /* CordovaLib.xcodeproj */;
				},
			);
			projectRoot = "";
			targets = (
				1D6058900D05DD3D006BFB54 /* Pockeyt */,
			);
		};
/* End PBXProject section */

/* Begin PBXReferenceProxy section */
		301BF535109A57CC0062928A /* libCordova.a */ = {
			isa = PBXReferenceProxy;
			fileType = archive.ar;
			path = libCordova.a;
			remoteRef = 301BF534109A57CC0062928A /* PBXContainerItemProxy */;
			sourceTree = BUILT_PRODUCTS_DIR;
		};
/* End PBXReferenceProxy section */

/* Begin PBXResourcesBuildPhase section */
		1D60588D0D05DD3D006BFB54 /* Resources */ = {
			isa = PBXResourcesBuildPhase;
			buildActionMask = 2147483647;
			files = (
				302D95F214D2391D003F00A1 /* MainViewController.xib in Resources */,
				0207DA581B56EA530066E2B4 /* Images.xcassets in Resources */,
				1E124A9716394242B279A2C4 /* Pockeyt.entitlements in Resources */,
				4DC8C13492C141C782956422 /* CDVNotification.bundle in Resources */,
			);
			runOnlyForDeploymentPostprocessing = 0;
		};
/* End PBXResourcesBuildPhase section */

/* Begin PBXShellScriptBuildPhase section */
		304B58A110DAC018002A0835 /* Copy www directory */ = {
			isa = PBXShellScriptBuildPhase;
			buildActionMask = 2147483647;
			files = (
			);
			inputPaths = (
			);
			name = "Copy www directory";
			outputPaths = (
			);
			runOnlyForDeploymentPostprocessing = 0;
			shellPath = /bin/sh;
			shellScript = "NODEJS_PATH=/usr/local/bin; NVM_NODE_PATH=~/.nvm/versions/node/`nvm version 2>/dev/null`/bin; N_NODE_PATH=`find /usr/local/n/versions/node/* -maxdepth 0 -type d 2>/dev/null | tail -1`/bin; XCODE_NODE_PATH=`xcode-select --print-path`/usr/share/xcs/Node/bin; PATH=$NODEJS_PATH:$NVM_NODE_PATH:$N_NODE_PATH:$XCODE_NODE_PATH:$PATH && node cordova/lib/copy-www-build-step.js";
			showEnvVarsInLog = 0;
		};
/* End PBXShellScriptBuildPhase section */

/* Begin PBXSourcesBuildPhase section */
		1D60588E0D05DD3D006BFB54 /* Sources */ = {
			isa = PBXSourcesBuildPhase;
			buildActionMask = 2147483647;
			files = (
				1D60589B0D05DD56006BFB54 /* main.m in Sources */,
				1D3623260D0F684500981E51 /* AppDelegate.m in Sources */,
				302D95F114D2391D003F00A1 /* MainViewController.m in Sources */,
				4CBF05F00DDD43EABB54B772 /* CULHost.h in Sources */,
				435B0612C5734C709B0A3BF4 /* CULPath.h in Sources */,
				59CC45AE6C78487C89F0EF36 /* CULXmlTags.h in Sources */,
				8D8F183CE0F744BFA8E7F0BA /* CULConfigXmlParser.h in Sources */,
				FEA81C83B6A9459AB76B995C /* NSBundle+CULPlugin.h in Sources */,
				E40702EE5AC8451D8CD71D34 /* UIImage+CropScaleOrientation.m in Sources */,
				09E380C8BF774D6FAB6A8386 /* CDVCamera.m in Sources */,
				2CBDEE859A8143F5A94E9F9C /* CDVJpegHeaderWriter.m in Sources */,
				7480707C377245E890F6B8F8 /* CDVDevice.m in Sources */,
				1B266F8820CC48B8BA234D38 /* CDVNotification.m in Sources */,
				829ECA322D1140DDB02CC64F /* FacebookConnectPlugin.m in Sources */,
				DAC8FC4372BB48CB8744CB59 /* CDVFileTransfer.m in Sources */,
				22E695DC2F7E4E96886F128A /* CDVLocation.m in Sources */,
				1CE0B89682BE4E83A323284B /* UniversalAnalyticsPlugin.m in Sources */,
				90D0D31C43D64A1DB78D63DA /* CDVInAppBrowser.m in Sources */,
				1E0F5CB0F2324947B2D91A98 /* SpinnerPlugin.m in Sources */,
				F9DE8F191E7B4B1381C451EB /* MBProgressHUD.m in Sources */,
				AA29D1DA938B484FAA42B935 /* CDVSplashScreen.m in Sources */,
				901ABF69A8474ED981258383 /* CDVViewController+SplashScreen.m in Sources */,
				26D86143C79E449F95612575 /* SQLitePlugin.m in Sources */,
				8EB3B953649D40E2A45CBFD0 /* NSString+URLEncoding.m in Sources */,
				D9BDA1963CF140B1BBE45371 /* SocialSharing.m in Sources */,
				B14E73D5BF18429497E8453D /* Toast+UIView.m in Sources */,
				5B83FE7AFADF4A498CB09BB1 /* Toast.m in Sources */,
				29FADCB08719484F958F1FB2 /* CULPlugin.m in Sources */,
				7493640EF2734A7B9EE49972 /* AppDelegate+CULPlugin.m in Sources */,
				EAEE6800EC634FEBA95938B8 /* CDVPluginResult+CULPlugin.m in Sources */,
				63440F8565A243C2B7BAC0A1 /* CDVInvokedUrlCommand+CULPlugin.m in Sources */,
				A7DF8D5C3019439D9BA8EAB1 /* CULHost.m in Sources */,
				E91DEA8F3EB64D7A9D5E16F1 /* CULHost.h in Resources */,
				496F05C3862B4EB6A4E76CD8 /* CULPath.m in Sources */,
				F8CF0604B16D44E99D81D656 /* CULPath.h in Resources */,
				834D8755D8F0401F928B7009 /* CULXmlTags.m in Sources */,
				46CD34E1942F43B4B122351A /* CULXmlTags.h in Resources */,
				CC4BA616F4E34C559A248453 /* CULConfigXmlParser.m in Sources */,
				3D392E4B17734A06821AB83F /* CULConfigXmlParser.h in Resources */,
				44817001F0F545C08470005C /* NSBundle+CULPlugin.m in Sources */,
				C1E246DEF37D44938A0B25C2 /* NSBundle+CULPlugin.h in Resources */,
				66E668CF8C1243A78736D585 /* BranchSDK.m in Sources */,
				659B2E1A25B645A0B04CBFD9 /* AppDelegate+BranchSdk.m in Sources */,
				573C9523BBD3432E8CC8CA81 /* IonicKeyboard.m in Sources */,
				9B20BA8C97FE41DE8557B619 /* PushNotification.m in Sources */,
				B6FA1B2811B946CABCD89254 /* CDVFile.m in Sources */,
				F2666D4122744CFDADD49F0B /* CDVLocalFilesystem.m in Sources */,
				9E10D76E42154701953A1C13 /* CDVAssetLibraryFilesystem.m in Sources */,
				6642EE997DED4615AD88447F /* BraintreePlugin.m in Sources */,
			);
			runOnlyForDeploymentPostprocessing = 0;
		};
/* End PBXSourcesBuildPhase section */

/* Begin PBXTargetDependency section */
		301BF551109A68C00062928A /* PBXTargetDependency */ = {
			isa = PBXTargetDependency;
			name = CordovaLib;
			targetProxy = 301BF550109A68C00062928A /* PBXContainerItemProxy */;
		};
/* End PBXTargetDependency section */

/* Begin XCBuildConfiguration section */
		1D6058940D05DD3E006BFB54 /* Debug */ = {
			isa = XCBuildConfiguration;
			baseConfigurationReference = 3047A50F1AB8059700498E2A /* build-debug.xcconfig */;
			buildSettings = {
				ALWAYS_SEARCH_USER_PATHS = NO;
				ASSETCATALOG_COMPILER_APPICON_NAME = AppIcon;
				ASSETCATALOG_COMPILER_LAUNCHIMAGE_NAME = LaunchImage;
				CLANG_ENABLE_MODULES = YES;
				CLANG_ENABLE_OBJC_ARC = YES;
				CODE_SIGN_ENTITLEMENTS = "Pockeyt/Resources/Pockeyt.entitlements";
				COPY_PHASE_STRIP = NO;
				DEVELOPMENT_TEAM = LXD2C94VJC;
				FRAMEWORK_SEARCH_PATHS = (
					"$(inherited)",
					"\"Pockeyt/Plugins/cordova-plugin-braintree\"",
					"\"Pockeyt/Plugins/cordova-plugin-braintree\"",
					"\"Pockeyt/Plugins/cordova-plugin-braintree\"",
					"\"Pockeyt/Plugins/cordova-plugin-braintree\"",
					"\"Pockeyt/Plugins/cordova-plugin-braintree\"",
					"\"Pockeyt/Plugins/cordova-plugin-braintree\"",
					"\"Pockeyt/Plugins/cordova-plugin-braintree\"",
					"\"Pockeyt/Plugins/cordova-plugin-braintree\"",
					"\"Pockeyt/Plugins/cordova-plugin-facebook4\"",
					"\"Pockeyt/Plugins/cordova-plugin-facebook4\"",
					"\"Pockeyt/Plugins/cordova-plugin-facebook4\"",
					"\"Pockeyt/Plugins/cordova-plugin-facebook4\"",
					"\"Pockeyt/Plugins/io.branch.sdk\"",
					"\"Pockeyt/Plugins/cordova-plugin-facebook4\"",
					"\"Pockeyt/Plugins/cordova-plugin-facebook4\"",
					"\"Pockeyt/Plugins/cordova-plugin-facebook4\"",
					"\"Pockeyt/Plugins/cordova-plugin-facebook4\"",
					"\"Pockeyt/Plugins/io.branch.sdk\"",
					"\"Pockeyt/Plugins/cordova-plugin-braintree\"",
					"\"Pockeyt/Plugins/cordova-plugin-braintree\"",
					"\"Pockeyt/Plugins/cordova-plugin-braintree\"",
					"\"Pockeyt/Plugins/cordova-plugin-braintree\"",
					"\"Pockeyt/Plugins/cordova-plugin-braintree\"",
					"\"Pockeyt/Plugins/cordova-plugin-braintree\"",
					"\"Pockeyt/Plugins/cordova-plugin-braintree\"",
					"\"Pockeyt/Plugins/cordova-plugin-braintree\"",
					"\"Pockeyt/Plugins/cordova-plugin-braintree\"",
					"\"Pockeyt/Plugins/cordova-plugin-braintree\"",
					"\"Pockeyt/Plugins/cordova-plugin-braintree\"",
					"\"Pockeyt/Plugins/cordova-plugin-braintree\"",
					"\"Pockeyt/Plugins/cordova-plugin-braintree\"",
					"\"Pockeyt/Plugins/cordova-plugin-braintree\"",
					"\"Pockeyt/Plugins/cordova-plugin-braintree\"",
					"\"Pockeyt/Plugins/cordova-plugin-braintree\"",
				);
				GCC_DYNAMIC_NO_PIC = NO;
				GCC_OPTIMIZATION_LEVEL = 0;
				GCC_PRECOMPILE_PREFIX_HEADER = YES;
				GCC_PREFIX_HEADER = "Pockeyt/Pockeyt-Prefix.pch";
				GCC_THUMB_SUPPORT = NO;
				GCC_VERSION = "";
				INFOPLIST_FILE = "Pockeyt/Pockeyt-Info.plist";
				IPHONEOS_DEPLOYMENT_TARGET = 8.0;
				LD_RUNPATH_SEARCH_PATHS = "$(inherited) @executable_path/Frameworks";
				LIBRARY_SEARCH_PATHS = (
					"$(inherited)",
					"\"$(SRCROOT)/Pockeyt/Plugins/cordova-plugin-google-analytics\"",
					"\"$(SRCROOT)/Pockeyt/Plugins/pushwoosh-cordova-plugin\"",
				);
				PRODUCT_BUNDLE_IDENTIFIER = com.pockeyt;
				PRODUCT_NAME = Pockeyt;
			};
			name = Debug;
		};
		1D6058950D05DD3E006BFB54 /* Release */ = {
			isa = XCBuildConfiguration;
			baseConfigurationReference = 3047A5101AB8059700498E2A /* build-release.xcconfig */;
			buildSettings = {
				ALWAYS_SEARCH_USER_PATHS = NO;
				ASSETCATALOG_COMPILER_APPICON_NAME = AppIcon;
				ASSETCATALOG_COMPILER_LAUNCHIMAGE_NAME = LaunchImage;
				CLANG_ENABLE_MODULES = YES;
				CLANG_ENABLE_OBJC_ARC = YES;
				CODE_SIGN_ENTITLEMENTS = "Pockeyt/Resources/Pockeyt.entitlements";
				COPY_PHASE_STRIP = YES;
				DEVELOPMENT_TEAM = LXD2C94VJC;
				FRAMEWORK_SEARCH_PATHS = (
					"$(inherited)",
					"\"Pockeyt/Plugins/cordova-plugin-braintree\"",
					"\"Pockeyt/Plugins/cordova-plugin-braintree\"",
					"\"Pockeyt/Plugins/cordova-plugin-braintree\"",
					"\"Pockeyt/Plugins/cordova-plugin-braintree\"",
					"\"Pockeyt/Plugins/cordova-plugin-braintree\"",
					"\"Pockeyt/Plugins/cordova-plugin-braintree\"",
					"\"Pockeyt/Plugins/cordova-plugin-braintree\"",
					"\"Pockeyt/Plugins/cordova-plugin-braintree\"",
					"\"Pockeyt/Plugins/cordova-plugin-facebook4\"",
					"\"Pockeyt/Plugins/cordova-plugin-facebook4\"",
					"\"Pockeyt/Plugins/cordova-plugin-facebook4\"",
					"\"Pockeyt/Plugins/cordova-plugin-facebook4\"",
					"\"Pockeyt/Plugins/io.branch.sdk\"",
					"\"Pockeyt/Plugins/cordova-plugin-facebook4\"",
					"\"Pockeyt/Plugins/cordova-plugin-facebook4\"",
					"\"Pockeyt/Plugins/cordova-plugin-facebook4\"",
					"\"Pockeyt/Plugins/cordova-plugin-facebook4\"",
					"\"Pockeyt/Plugins/io.branch.sdk\"",
					"\"Pockeyt/Plugins/cordova-plugin-braintree\"",
					"\"Pockeyt/Plugins/cordova-plugin-braintree\"",
					"\"Pockeyt/Plugins/cordova-plugin-braintree\"",
					"\"Pockeyt/Plugins/cordova-plugin-braintree\"",
					"\"Pockeyt/Plugins/cordova-plugin-braintree\"",
					"\"Pockeyt/Plugins/cordova-plugin-braintree\"",
					"\"Pockeyt/Plugins/cordova-plugin-braintree\"",
					"\"Pockeyt/Plugins/cordova-plugin-braintree\"",
					"\"Pockeyt/Plugins/cordova-plugin-braintree\"",
					"\"Pockeyt/Plugins/cordova-plugin-braintree\"",
					"\"Pockeyt/Plugins/cordova-plugin-braintree\"",
					"\"Pockeyt/Plugins/cordova-plugin-braintree\"",
					"\"Pockeyt/Plugins/cordova-plugin-braintree\"",
					"\"Pockeyt/Plugins/cordova-plugin-braintree\"",
					"\"Pockeyt/Plugins/cordova-plugin-braintree\"",
					"\"Pockeyt/Plugins/cordova-plugin-braintree\"",
				);
				GCC_PRECOMPILE_PREFIX_HEADER = YES;
				GCC_PREFIX_HEADER = "Pockeyt/Pockeyt-Prefix.pch";
				GCC_THUMB_SUPPORT = NO;
				GCC_VERSION = "";
				INFOPLIST_FILE = "Pockeyt/Pockeyt-Info.plist";
				IPHONEOS_DEPLOYMENT_TARGET = 8.0;
				LIBRARY_SEARCH_PATHS = (
					"$(inherited)",
					"\"$(SRCROOT)/Pockeyt/Plugins/cordova-plugin-google-analytics\"",
					"\"$(SRCROOT)/Pockeyt/Plugins/pushwoosh-cordova-plugin\"",
				);
				PRODUCT_BUNDLE_IDENTIFIER = com.pockeyt;
				PRODUCT_NAME = Pockeyt;
				LD_RUNPATH_SEARCH_PATHS = "$(inherited) @executable_path/Frameworks";
			};
			name = Release;
		};
		C01FCF4F08A954540054247B /* Debug */ = {
			isa = XCBuildConfiguration;
			baseConfigurationReference = 3047A5111AB8059700498E2A /* build.xcconfig */;
			buildSettings = {
				CLANG_ENABLE_MODULES = YES;
				CLANG_ENABLE_OBJC_ARC = YES;
				CLANG_WARN_BOOL_CONVERSION = YES;
				CLANG_WARN_CONSTANT_CONVERSION = YES;
				CLANG_WARN_EMPTY_BODY = YES;
				CLANG_WARN_ENUM_CONVERSION = YES;
				CLANG_WARN_INT_CONVERSION = YES;
				CLANG_WARN__DUPLICATE_METHOD_MATCH = YES;
				CODE_SIGN_ENTITLEMENTS = "Pockeyt/Resources/Pockeyt.entitlements";
				ENABLE_TESTABILITY = YES;
				GCC_C_LANGUAGE_STANDARD = c99;
				GCC_THUMB_SUPPORT = NO;
				GCC_VERSION = "";
				GCC_WARN_ABOUT_RETURN_TYPE = YES;
				GCC_WARN_UNDECLARED_SELECTOR = YES;
				GCC_WARN_UNINITIALIZED_AUTOS = YES;
				GCC_WARN_UNUSED_FUNCTION = YES;
				GCC_WARN_UNUSED_VARIABLE = YES;
				IPHONEOS_DEPLOYMENT_TARGET = 8.0;
				ONLY_ACTIVE_ARCH = YES;
				SDKROOT = iphoneos;
				SKIP_INSTALL = NO;
				LD_RUNPATH_SEARCH_PATHS = "$(inherited) @executable_path/Frameworks";
			};
			name = Debug;
		};
		C01FCF5008A954540054247B /* Release */ = {
			isa = XCBuildConfiguration;
			baseConfigurationReference = 3047A5111AB8059700498E2A /* build.xcconfig */;
			buildSettings = {
				CLANG_ENABLE_MODULES = YES;
				CLANG_ENABLE_OBJC_ARC = YES;
				CLANG_WARN_BOOL_CONVERSION = YES;
				CLANG_WARN_CONSTANT_CONVERSION = YES;
				CLANG_WARN_EMPTY_BODY = YES;
				CLANG_WARN_ENUM_CONVERSION = YES;
				CLANG_WARN_INT_CONVERSION = YES;
				CLANG_WARN__DUPLICATE_METHOD_MATCH = YES;
				CODE_SIGN_ENTITLEMENTS = "Pockeyt/Resources/Pockeyt.entitlements";
				GCC_C_LANGUAGE_STANDARD = c99;
				GCC_THUMB_SUPPORT = NO;
				GCC_VERSION = "";
				GCC_WARN_ABOUT_RETURN_TYPE = YES;
				GCC_WARN_UNDECLARED_SELECTOR = YES;
				GCC_WARN_UNINITIALIZED_AUTOS = YES;
				GCC_WARN_UNUSED_FUNCTION = YES;
				GCC_WARN_UNUSED_VARIABLE = YES;
				IPHONEOS_DEPLOYMENT_TARGET = 8.0;
				SDKROOT = iphoneos;
				SKIP_INSTALL = NO;
				LD_RUNPATH_SEARCH_PATHS = "$(inherited) @executable_path/Frameworks";
			};
			name = Release;
		};
/* End XCBuildConfiguration section */

/* Begin XCConfigurationList section */
		1D6058960D05DD3E006BFB54 /* Build configuration list for PBXNativeTarget "Pockeyt" */ = {
			isa = XCConfigurationList;
			buildConfigurations = (
				1D6058940D05DD3E006BFB54 /* Debug */,
				1D6058950D05DD3E006BFB54 /* Release */,
			);
			defaultConfigurationIsVisible = 0;
			defaultConfigurationName = Release;
		};
		C01FCF4E08A954540054247B /* Build configuration list for PBXProject "Pockeyt" */ = {
			isa = XCConfigurationList;
			buildConfigurations = (
				C01FCF4F08A954540054247B /* Debug */,
				C01FCF5008A954540054247B /* Release */,
			);
			defaultConfigurationIsVisible = 0;
			defaultConfigurationName = Release;
		};
/* End XCConfigurationList section */

/* Begin PBXCopyFilesBuildPhase section */
		666D627F422A4ABF9E1FBFA0 /* Embed Frameworks */ = {
			isa = PBXCopyFilesBuildPhase;
			buildActionMask = 2147483647;
			files = (
				FCEDBAC703E247539769030C /* BraintreeVenmo.framework in Embed Frameworks */,
				A7523F103ADE431C81489B1E /* BraintreeUI.framework in Embed Frameworks */,
				F37113EA18234227A6FC4EE7 /* BraintreePayPal.framework in Embed Frameworks */,
				3EABEB16586D46CCB78C163D /* BraintreeDataCollector.framework in Embed Frameworks */,
				27B179EBDB814DC09EF5A0E4 /* BraintreeCore.framework in Embed Frameworks */,
				80ED7268BCC14411AD186E67 /* BraintreeCard.framework in Embed Frameworks */,
				023CA5D4E8414471AEF1A31E /* BraintreeApplePay.framework in Embed Frameworks */,
				BE8F259DE0CD400C93C0A525 /* Braintree3DSecure.framework in Embed Frameworks */,
			);
			runOnlyForDeploymentPostprocessing = 0;
			name = "Embed Frameworks";
			dstPath = "";
			dstSubfolderSpec = 10;
		};
/* End PBXCopyFilesBuildPhase section */
	};
	rootObject = 29B97313FDCFA39411CA2CEA /* Project object */;
}
